// !$*UTF8*$!
{
	archiveVersion = 1;
	classes = {
	};
	objectVersion = 46;
	objects = {

/* Begin PBXBuildFile section */
		515F720FA4946EBCA4C3FAF3 /* Pods_MVVMGitHub.framework in Frameworks */ = {isa = PBXBuildFile; fileRef = E35231387C386A4A86523701 /* Pods_MVVMGitHub.framework */; };
		A002953D1E2F601B004AC90E /* MGRepositoriesModel.m in Sources */ = {isa = PBXBuildFile; fileRef = A002953C1E2F601B004AC90E /* MGRepositoriesModel.m */; };
		A00295401E2F63CE004AC90E /* MGShowcasesModel.m in Sources */ = {isa = PBXBuildFile; fileRef = A002953F1E2F63CE004AC90E /* MGShowcasesModel.m */; };
		A01833A71ED6B810003E5D1C /* UILabel+MGAdd.m in Sources */ = {isa = PBXBuildFile; fileRef = A01833A61ED6B810003E5D1C /* UILabel+MGAdd.m */; };
		A01833AB1ED6BAF0003E5D1C /* MGExploreTableViewCell.m in Sources */ = {isa = PBXBuildFile; fileRef = A01833A91ED6BAF0003E5D1C /* MGExploreTableViewCell.m */; };
		A01833AC1ED6BAF0003E5D1C /* MGExploreTableViewCell.xib in Resources */ = {isa = PBXBuildFile; fileRef = A01833AA1ED6BAF0003E5D1C /* MGExploreTableViewCell.xib */; };
		A01833B01ED6BBAF003E5D1C /* MGExploreCellViewModel.m in Sources */ = {isa = PBXBuildFile; fileRef = A01833AF1ED6BBAF003E5D1C /* MGExploreCellViewModel.m */; };
		A01833C71ED6BBF9003E5D1C /* MGCreateRepoViewModel.m in Sources */ = {isa = PBXBuildFile; fileRef = A01833B31ED6BBF9003E5D1C /* MGCreateRepoViewModel.m */; };
		A01833C91ED6BBF9003E5D1C /* MGExploreViewModel.m in Sources */ = {isa = PBXBuildFile; fileRef = A01833B71ED6BBF9003E5D1C /* MGExploreViewModel.m */; };
		A01833CA1ED6BBF9003E5D1C /* MGLoginViewModel.m in Sources */ = {isa = PBXBuildFile; fileRef = A01833B91ED6BBF9003E5D1C /* MGLoginViewModel.m */; };
		A01833CB1ED6BBF9003E5D1C /* MGMainViewModel.m in Sources */ = {isa = PBXBuildFile; fileRef = A01833BB1ED6BBF9003E5D1C /* MGMainViewModel.m */; };
		A01833CC1ED6BBF9003E5D1C /* MGProfileViewModel.m in Sources */ = {isa = PBXBuildFile; fileRef = A01833BD1ED6BBF9003E5D1C /* MGProfileViewModel.m */; };
		A01833CD1ED6BBF9003E5D1C /* MGRepoDetailViewModel.m in Sources */ = {isa = PBXBuildFile; fileRef = A01833BF1ED6BBF9003E5D1C /* MGRepoDetailViewModel.m */; };
		A01833CE1ED6BBF9003E5D1C /* MGRepositoryViewModel.m in Sources */ = {isa = PBXBuildFile; fileRef = A01833C11ED6BBF9003E5D1C /* MGRepositoryViewModel.m */; };
		A01833CF1ED6BBF9003E5D1C /* MGSearchViewModel.m in Sources */ = {isa = PBXBuildFile; fileRef = A01833C31ED6BBF9003E5D1C /* MGSearchViewModel.m */; };
		A01D510F1E5BE41B002E9925 /* MGViewModelBasedNavigation.m in Sources */ = {isa = PBXBuildFile; fileRef = A01D510E1E5BE41B002E9925 /* MGViewModelBasedNavigation.m */; };
		A02F76CE1E0B6BAC0088470E /* Assets.xcassets in Resources */ = {isa = PBXBuildFile; fileRef = A02F76CD1E0B6BAC0088470E /* Assets.xcassets */; };
		A02F76DC1E0B6BAC0088470E /* MVVMGitHubTests.m in Sources */ = {isa = PBXBuildFile; fileRef = A02F76DB1E0B6BAC0088470E /* MVVMGitHubTests.m */; };
		A02F76E71E0B6BAC0088470E /* MVVMGitHubUITests.m in Sources */ = {isa = PBXBuildFile; fileRef = A02F76E61E0B6BAC0088470E /* MVVMGitHubUITests.m */; };
		A02F770E1E0B7F0E0088470E /* MGConst.m in Sources */ = {isa = PBXBuildFile; fileRef = A02F770D1E0B7F0E0088470E /* MGConst.m */; };
		A02F95631F21CF120030C947 /* MGSourceCodeViewController.m in Sources */ = {isa = PBXBuildFile; fileRef = A02F95621F21CF120030C947 /* MGSourceCodeViewController.m */; };
		A02F95661F21CF6E0030C947 /* MGSourceCodeViewModel.m in Sources */ = {isa = PBXBuildFile; fileRef = A02F95651F21CF6E0030C947 /* MGSourceCodeViewModel.m */; };
		A0303EE01EDE629F0055A7EE /* MGRepoDetailHeaderView.xib in Resources */ = {isa = PBXBuildFile; fileRef = A0303EDF1EDE629F0055A7EE /* MGRepoDetailHeaderView.xib */; };
		A0491B211F259A04006930EF /* WRNavigationBar.m in Sources */ = {isa = PBXBuildFile; fileRef = A0491B201F259A04006930EF /* WRNavigationBar.m */; };
		A0491F881F273A5F006930EF /* codeMirror in Resources */ = {isa = PBXBuildFile; fileRef = A0491F871F273A5F006930EF /* codeMirror */; };
		A06DD5A21ED3D14300082DA4 /* MGApiImpl+MGExplore.m in Sources */ = {isa = PBXBuildFile; fileRef = A06DD5991ED3D14300082DA4 /* MGApiImpl+MGExplore.m */; };
		A06DD5A31ED3D14300082DA4 /* MGApiImpl+MGRepo.m in Sources */ = {isa = PBXBuildFile; fileRef = A06DD59B1ED3D14300082DA4 /* MGApiImpl+MGRepo.m */; };
		A06DD5A41ED3D14300082DA4 /* MGApiImpl+MGSearch.m in Sources */ = {isa = PBXBuildFile; fileRef = A06DD59D1ED3D14300082DA4 /* MGApiImpl+MGSearch.m */; };
		A06DD5A51ED3D14300082DA4 /* MGApiImpl+MGUser.m in Sources */ = {isa = PBXBuildFile; fileRef = A06DD59F1ED3D14300082DA4 /* MGApiImpl+MGUser.m */; };
		A06DD5A91ED3D26800082DA4 /* MGApiImpl.m in Sources */ = {isa = PBXBuildFile; fileRef = A06DD5A81ED3D26800082DA4 /* MGApiImpl.m */; };
		A06F45D31ED824D400C0DEFE /* MGExploreViewController.m in Sources */ = {isa = PBXBuildFile; fileRef = A06F45BE1ED824D400C0DEFE /* MGExploreViewController.m */; };
		A06F45D41ED824D400C0DEFE /* MGLoginViewController.m in Sources */ = {isa = PBXBuildFile; fileRef = A06F45C11ED824D400C0DEFE /* MGLoginViewController.m */; };
		A06F45D51ED824D400C0DEFE /* MGProfileViewController.m in Sources */ = {isa = PBXBuildFile; fileRef = A06F45C41ED824D400C0DEFE /* MGProfileViewController.m */; };
		A06F45D61ED824D400C0DEFE /* MGCreateRepoViewController.m in Sources */ = {isa = PBXBuildFile; fileRef = A06F45C71ED824D400C0DEFE /* MGCreateRepoViewController.m */; };
		A06F45D71ED824D400C0DEFE /* MGRepoDetailViewController.m in Sources */ = {isa = PBXBuildFile; fileRef = A06F45C91ED824D400C0DEFE /* MGRepoDetailViewController.m */; };
		A06F45D81ED824D400C0DEFE /* MGRepositoryViewController.m in Sources */ = {isa = PBXBuildFile; fileRef = A06F45CB1ED824D400C0DEFE /* MGRepositoryViewController.m */; };
		A06F45DA1ED824D400C0DEFE /* MGSearchUserViewController.m in Sources */ = {isa = PBXBuildFile; fileRef = A06F45D01ED824D400C0DEFE /* MGSearchUserViewController.m */; };
		A06F45DB1ED824D400C0DEFE /* MGSearchViewController.m in Sources */ = {isa = PBXBuildFile; fileRef = A06F45D21ED824D400C0DEFE /* MGSearchViewController.m */; };
		A06F45DF1ED824ED00C0DEFE /* MGMainViewController.m in Sources */ = {isa = PBXBuildFile; fileRef = A06F45DE1ED824ED00C0DEFE /* MGMainViewController.m */; };
		A07484501EFA0994007689AE /* MGRepoFileTreeView.m in Sources */ = {isa = PBXBuildFile; fileRef = A074844E1EFA0994007689AE /* MGRepoFileTreeView.m */; };
		A07484511EFA0994007689AE /* MGRepoFileTreeView.xib in Resources */ = {isa = PBXBuildFile; fileRef = A074844F1EFA0994007689AE /* MGRepoFileTreeView.xib */; };
		A07484541EFA09B3007689AE /* MGRepoDetailToolBar.m in Sources */ = {isa = PBXBuildFile; fileRef = A07484531EFA09B3007689AE /* MGRepoDetailToolBar.m */; };
		A07484581EFA09CA007689AE /* MGRepoDetailToolBar.xib in Resources */ = {isa = PBXBuildFile; fileRef = A07484571EFA09CA007689AE /* MGRepoDetailToolBar.xib */; };
		A074845B1EFA4345007689AE /* MGSearchRepoViewController.m in Sources */ = {isa = PBXBuildFile; fileRef = A074845A1EFA4345007689AE /* MGSearchRepoViewController.m */; };
		A074845F1EFA4C44007689AE /* MGUserCell.m in Sources */ = {isa = PBXBuildFile; fileRef = A074845D1EFA4C44007689AE /* MGUserCell.m */; };
		A07484601EFA4C44007689AE /* MGUserCell.xib in Resources */ = {isa = PBXBuildFile; fileRef = A074845E1EFA4C44007689AE /* MGUserCell.xib */; };
		A07484631EFA5231007689AE /* MGSearchResultModel.m in Sources */ = {isa = PBXBuildFile; fileRef = A07484621EFA5230007689AE /* MGSearchResultModel.m */; };
		A07781181F417CFA0001E37B /* UIButton+MGAdd.m in Sources */ = {isa = PBXBuildFile; fileRef = A07781171F417CFA0001E37B /* UIButton+MGAdd.m */; };
		A080AE0F1E34B54400402510 /* MGViewModelMapper.m in Sources */ = {isa = PBXBuildFile; fileRef = A080AE0E1E34B54400402510 /* MGViewModelMapper.m */; };
		A085F51D1EE5551700F12DD6 /* MGTrendRopsListViewModel.m in Sources */ = {isa = PBXBuildFile; fileRef = A085F51C1EE5551700F12DD6 /* MGTrendRopsListViewModel.m */; };
		A08FACCA1F037BED0070B311 /* MGRepoCell.m in Sources */ = {isa = PBXBuildFile; fileRef = A08FACC81F037BED0070B311 /* MGRepoCell.m */; };
		A08FACCB1F037BED0070B311 /* MGRepoCell.xib in Resources */ = {isa = PBXBuildFile; fileRef = A08FACC91F037BED0070B311 /* MGRepoCell.xib */; };
		A0A2F76B1E422B8800F19F22 /* SAMKeychain+MGUser.m in Sources */ = {isa = PBXBuildFile; fileRef = A0A2F76A1E422B8800F19F22 /* SAMKeychain+MGUser.m */; };
		A0A3D4C31EE7CDD4009E629F /* UIBarButtonItem+MGAdd.m in Sources */ = {isa = PBXBuildFile; fileRef = A0A3D4C21EE7CDD4009E629F /* UIBarButtonItem+MGAdd.m */; };
		A0A3D4CA1EE92B6A009E629F /* UITableView+MGAdd.m in Sources */ = {isa = PBXBuildFile; fileRef = A0A3D4C91EE92B6A009E629F /* UITableView+MGAdd.m */; };
		A0A815141ED4092A004678CD /* MGTableViewBinder.m in Sources */ = {isa = PBXBuildFile; fileRef = A0A815131ED4092A004678CD /* MGTableViewBinder.m */; };
		A0C0A6111EA0AF7800F44F94 /* MGViewModel.m in Sources */ = {isa = PBXBuildFile; fileRef = A0C0A6101EA0AF7800F44F94 /* MGViewModel.m */; };
		A0C0A6311EA0C24C00F44F94 /* MGExploreCollectionViewCell.m in Sources */ = {isa = PBXBuildFile; fileRef = A0C0A6251EA0C24C00F44F94 /* MGExploreCollectionViewCell.m */; };
		A0C0A6321EA0C24C00F44F94 /* MGExploreCollectionViewCell.xib in Resources */ = {isa = PBXBuildFile; fileRef = A0C0A6261EA0C24C00F44F94 /* MGExploreCollectionViewCell.xib */; };
		A0C0A6351EA0C24C00F44F94 /* MGOCTTreeEntryCell.m in Sources */ = {isa = PBXBuildFile; fileRef = A0C0A62B1EA0C24C00F44F94 /* MGOCTTreeEntryCell.m */; };
		A0C0A6361EA0C24C00F44F94 /* MGOCTTreeEntryCell.xib in Resources */ = {isa = PBXBuildFile; fileRef = A0C0A62C1EA0C24C00F44F94 /* MGOCTTreeEntryCell.xib */; };
		A0C0A6411EA0C2A300F44F94 /* MGRepoDetailHeaderView.m in Sources */ = {isa = PBXBuildFile; fileRef = A0C0A63E1EA0C2A300F44F94 /* MGRepoDetailHeaderView.m */; };
		A0C0A6641EA0C2DD00F44F94 /* MGNavigationController.m in Sources */ = {isa = PBXBuildFile; fileRef = A0C0A64D1EA0C2DD00F44F94 /* MGNavigationController.m */; };
		A0C0A66C1EA0C2DD00F44F94 /* MGViewController.m in Sources */ = {isa = PBXBuildFile; fileRef = A0C0A65E1EA0C2DD00F44F94 /* MGViewController.m */; };
		A0C603831F3D95D7000BFF59 /* UIViewController+MGNav.m in Sources */ = {isa = PBXBuildFile; fileRef = A0C603821F3D95D7000BFF59 /* UIViewController+MGNav.m */; };
		A0D28D011EF280B800C7974A /* NSString+MGAdd.m in Sources */ = {isa = PBXBuildFile; fileRef = A0D28D001EF280B800C7974A /* NSString+MGAdd.m */; };
		A0D28D091EF3C93E00C7974A /* MGRepoCommitsViewModel.m in Sources */ = {isa = PBXBuildFile; fileRef = A0D28D081EF3C93E00C7974A /* MGRepoCommitsViewModel.m */; };
		A0D28D0C1EF3CB5A00C7974A /* MGRepoCommitsViewController.m in Sources */ = {isa = PBXBuildFile; fileRef = A0D28D0B1EF3CB5A00C7974A /* MGRepoCommitsViewController.m */; };
		A0D28D101EF3CE2400C7974A /* MGRepoCommitsCell.m in Sources */ = {isa = PBXBuildFile; fileRef = A0D28D0E1EF3CE2400C7974A /* MGRepoCommitsCell.m */; };
		A0D28D111EF3CE2400C7974A /* MGRepoCommitsCell.xib in Resources */ = {isa = PBXBuildFile; fileRef = A0D28D0F1EF3CE2400C7974A /* MGRepoCommitsCell.xib */; };
		A0D3DA481E56D27E00337EF7 /* WKWebView+MGWeb.m in Sources */ = {isa = PBXBuildFile; fileRef = A0D3DA471E56D27E00337EF7 /* WKWebView+MGWeb.m */; };
		A0E7ED621F29B4A100FA78C6 /* OCTClient+MGAdd.m in Sources */ = {isa = PBXBuildFile; fileRef = A0E7ED611F29B4A100FA78C6 /* OCTClient+MGAdd.m */; };
		A0EC6EB91F0E18AF00A4067B /* MGAppDelegate.m in Sources */ = {isa = PBXBuildFile; fileRef = A0EC6EAF1F0E18AF00A4067B /* MGAppDelegate.m */; };
		A0EC6EBA1F0E18AF00A4067B /* lanchScreen.storyboard in Resources */ = {isa = PBXBuildFile; fileRef = A0EC6EB01F0E18AF00A4067B /* lanchScreen.storyboard */; };
		A0EC6EBB1F0E18AF00A4067B /* main.m in Sources */ = {isa = PBXBuildFile; fileRef = A0EC6EB11F0E18AF00A4067B /* main.m */; };
		A0EC6EBC1F0E18AF00A4067B /* github_language_name_slug.plist in Resources */ = {isa = PBXBuildFile; fileRef = A0EC6EB41F0E18AF00A4067B /* github_language_name_slug.plist */; };
		A0EC6EBE1F0E18AF00A4067B /* viewModel-ViewControllerMapper.plist in Resources */ = {isa = PBXBuildFile; fileRef = A0EC6EB61F0E18AF00A4067B /* viewModel-ViewControllerMapper.plist */; };
		A0EC6EC41F0E340000A4067B /* MGProfileHeaderView.m in Sources */ = {isa = PBXBuildFile; fileRef = A0EC6EC31F0E340000A4067B /* MGProfileHeaderView.m */; };
		A0EC6EC61F0E340700A4067B /* MGProfileHeaderView.xib in Resources */ = {isa = PBXBuildFile; fileRef = A0EC6EC51F0E340700A4067B /* MGProfileHeaderView.xib */; };
		A0EC6EC91F0F131200A4067B /* MGUser.m in Sources */ = {isa = PBXBuildFile; fileRef = A0EC6EC81F0F131200A4067B /* MGUser.m */; };
		A0EC6ED41F0F774C00A4067B /* MGTableViewCell.m in Sources */ = {isa = PBXBuildFile; fileRef = A0EC6ED21F0F774C00A4067B /* MGTableViewCell.m */; };
		A0EC6ED51F0F774C00A4067B /* MGTableViewCell.xib in Resources */ = {isa = PBXBuildFile; fileRef = A0EC6ED31F0F774C00A4067B /* MGTableViewCell.xib */; };
		A0FFF9D01F13479800D6C554 /* MGEvent.m in Sources */ = {isa = PBXBuildFile; fileRef = A0FFF9CF1F13479800D6C554 /* MGEvent.m */; };
		A0FFF9D31F1359C500D6C554 /* MGApiImpl+MGActivity.m in Sources */ = {isa = PBXBuildFile; fileRef = A0FFF9D21F1359C500D6C554 /* MGApiImpl+MGActivity.m */; };
		A0FFF9D61F135F7E00D6C554 /* MGActivityViewModel.m in Sources */ = {isa = PBXBuildFile; fileRef = A0FFF9D51F135F7E00D6C554 /* MGActivityViewModel.m */; };
		A0FFF9D91F1364CE00D6C554 /* MGEventsViewModel.m in Sources */ = {isa = PBXBuildFile; fileRef = A0FFF9D81F1364CE00D6C554 /* MGEventsViewModel.m */; };
		A0FFF9DC1F1498F200D6C554 /* MGOrganizations.m in Sources */ = {isa = PBXBuildFile; fileRef = A0FFF9DB1F1498F200D6C554 /* MGOrganizations.m */; };
		A0FFF9DF1F14B48D00D6C554 /* RACSignal+MGAdd.m in Sources */ = {isa = PBXBuildFile; fileRef = A0FFF9DE1F14B48D00D6C554 /* RACSignal+MGAdd.m */; };
		A0FFF9E21F14C03E00D6C554 /* MGFollowerViewController.m in Sources */ = {isa = PBXBuildFile; fileRef = A0FFF9E11F14C03E00D6C554 /* MGFollowerViewController.m */; };
		A0FFF9E51F14C04800D6C554 /* MGFollowingViewController.m in Sources */ = {isa = PBXBuildFile; fileRef = A0FFF9E41F14C04800D6C554 /* MGFollowingViewController.m */; };
		A0FFF9E81F14C0A400D6C554 /* MGFollowingViewModel.m in Sources */ = {isa = PBXBuildFile; fileRef = A0FFF9E71F14C0A400D6C554 /* MGFollowingViewModel.m */; };
		A0FFF9EB1F14C0FB00D6C554 /* MGFollowerViewModel.m in Sources */ = {isa = PBXBuildFile; fileRef = A0FFF9EA1F14C0FB00D6C554 /* MGFollowerViewModel.m */; };
		A0FFF9ED1F15BA3300D6C554 /* octicons.ttf in Resources */ = {isa = PBXBuildFile; fileRef = A0FFF9EC1F15BA3300D6C554 /* octicons.ttf */; };
/* End PBXBuildFile section */

/* Begin PBXContainerItemProxy section */
		A02F76D81E0B6BAC0088470E /* PBXContainerItemProxy */ = {
			isa = PBXContainerItemProxy;
			containerPortal = A02F76B61E0B6BAC0088470E /* Project object */;
			proxyType = 1;
			remoteGlobalIDString = A02F76BD1E0B6BAC0088470E;
			remoteInfo = MVVMGitHub;
		};
		A02F76E31E0B6BAC0088470E /* PBXContainerItemProxy */ = {
			isa = PBXContainerItemProxy;
			containerPortal = A02F76B61E0B6BAC0088470E /* Project object */;
			proxyType = 1;
			remoteGlobalIDString = A02F76BD1E0B6BAC0088470E;
			remoteInfo = MVVMGitHub;
		};
/* End PBXContainerItemProxy section */

/* Begin PBXFileReference section */
		A002953B1E2F601B004AC90E /* MGRepositoriesModel.h */ = {isa = PBXFileReference; fileEncoding = 4; lastKnownFileType = sourcecode.c.h; path = MGRepositoriesModel.h; sourceTree = "<group>"; };
		A002953C1E2F601B004AC90E /* MGRepositoriesModel.m */ = {isa = PBXFileReference; fileEncoding = 4; lastKnownFileType = sourcecode.c.objc; path = MGRepositoriesModel.m; sourceTree = "<group>"; };
		A002953E1E2F63CE004AC90E /* MGShowcasesModel.h */ = {isa = PBXFileReference; fileEncoding = 4; lastKnownFileType = sourcecode.c.h; path = MGShowcasesModel.h; sourceTree = "<group>"; };
		A002953F1E2F63CE004AC90E /* MGShowcasesModel.m */ = {isa = PBXFileReference; fileEncoding = 4; lastKnownFileType = sourcecode.c.objc; path = MGShowcasesModel.m; sourceTree = "<group>"; };
		A01833A51ED6B810003E5D1C /* UILabel+MGAdd.h */ = {isa = PBXFileReference; fileEncoding = 4; lastKnownFileType = sourcecode.c.h; path = "UILabel+MGAdd.h"; sourceTree = "<group>"; };
		A01833A61ED6B810003E5D1C /* UILabel+MGAdd.m */ = {isa = PBXFileReference; fileEncoding = 4; lastKnownFileType = sourcecode.c.objc; path = "UILabel+MGAdd.m"; sourceTree = "<group>"; };
		A01833A81ED6BAF0003E5D1C /* MGExploreTableViewCell.h */ = {isa = PBXFileReference; fileEncoding = 4; lastKnownFileType = sourcecode.c.h; path = MGExploreTableViewCell.h; sourceTree = "<group>"; };
		A01833A91ED6BAF0003E5D1C /* MGExploreTableViewCell.m */ = {isa = PBXFileReference; fileEncoding = 4; lastKnownFileType = sourcecode.c.objc; path = MGExploreTableViewCell.m; sourceTree = "<group>"; };
		A01833AA1ED6BAF0003E5D1C /* MGExploreTableViewCell.xib */ = {isa = PBXFileReference; fileEncoding = 4; lastKnownFileType = file.xib; path = MGExploreTableViewCell.xib; sourceTree = "<group>"; };
		A01833AE1ED6BBAF003E5D1C /* MGExploreCellViewModel.h */ = {isa = PBXFileReference; fileEncoding = 4; lastKnownFileType = sourcecode.c.h; path = MGExploreCellViewModel.h; sourceTree = "<group>"; };
		A01833AF1ED6BBAF003E5D1C /* MGExploreCellViewModel.m */ = {isa = PBXFileReference; fileEncoding = 4; lastKnownFileType = sourcecode.c.objc; path = MGExploreCellViewModel.m; sourceTree = "<group>"; };
		A01833B21ED6BBF9003E5D1C /* MGCreateRepoViewModel.h */ = {isa = PBXFileReference; fileEncoding = 4; lastKnownFileType = sourcecode.c.h; path = MGCreateRepoViewModel.h; sourceTree = "<group>"; };
		A01833B31ED6BBF9003E5D1C /* MGCreateRepoViewModel.m */ = {isa = PBXFileReference; fileEncoding = 4; lastKnownFileType = sourcecode.c.objc; path = MGCreateRepoViewModel.m; sourceTree = "<group>"; };
		A01833B61ED6BBF9003E5D1C /* MGExploreViewModel.h */ = {isa = PBXFileReference; fileEncoding = 4; lastKnownFileType = sourcecode.c.h; path = MGExploreViewModel.h; sourceTree = "<group>"; };
		A01833B71ED6BBF9003E5D1C /* MGExploreViewModel.m */ = {isa = PBXFileReference; fileEncoding = 4; lastKnownFileType = sourcecode.c.objc; path = MGExploreViewModel.m; sourceTree = "<group>"; };
		A01833B81ED6BBF9003E5D1C /* MGLoginViewModel.h */ = {isa = PBXFileReference; fileEncoding = 4; lastKnownFileType = sourcecode.c.h; path = MGLoginViewModel.h; sourceTree = "<group>"; };
		A01833B91ED6BBF9003E5D1C /* MGLoginViewModel.m */ = {isa = PBXFileReference; fileEncoding = 4; lastKnownFileType = sourcecode.c.objc; path = MGLoginViewModel.m; sourceTree = "<group>"; };
		A01833BA1ED6BBF9003E5D1C /* MGMainViewModel.h */ = {isa = PBXFileReference; fileEncoding = 4; lastKnownFileType = sourcecode.c.h; path = MGMainViewModel.h; sourceTree = "<group>"; };
		A01833BB1ED6BBF9003E5D1C /* MGMainViewModel.m */ = {isa = PBXFileReference; fileEncoding = 4; lastKnownFileType = sourcecode.c.objc; path = MGMainViewModel.m; sourceTree = "<group>"; };
		A01833BC1ED6BBF9003E5D1C /* MGProfileViewModel.h */ = {isa = PBXFileReference; fileEncoding = 4; lastKnownFileType = sourcecode.c.h; path = MGProfileViewModel.h; sourceTree = "<group>"; };
		A01833BD1ED6BBF9003E5D1C /* MGProfileViewModel.m */ = {isa = PBXFileReference; fileEncoding = 4; lastKnownFileType = sourcecode.c.objc; path = MGProfileViewModel.m; sourceTree = "<group>"; };
		A01833BE1ED6BBF9003E5D1C /* MGRepoDetailViewModel.h */ = {isa = PBXFileReference; fileEncoding = 4; lastKnownFileType = sourcecode.c.h; path = MGRepoDetailViewModel.h; sourceTree = "<group>"; };
		A01833BF1ED6BBF9003E5D1C /* MGRepoDetailViewModel.m */ = {isa = PBXFileReference; fileEncoding = 4; lastKnownFileType = sourcecode.c.objc; path = MGRepoDetailViewModel.m; sourceTree = "<group>"; };
		A01833C01ED6BBF9003E5D1C /* MGRepositoryViewModel.h */ = {isa = PBXFileReference; fileEncoding = 4; lastKnownFileType = sourcecode.c.h; path = MGRepositoryViewModel.h; sourceTree = "<group>"; };
		A01833C11ED6BBF9003E5D1C /* MGRepositoryViewModel.m */ = {isa = PBXFileReference; fileEncoding = 4; lastKnownFileType = sourcecode.c.objc; path = MGRepositoryViewModel.m; sourceTree = "<group>"; };
		A01833C21ED6BBF9003E5D1C /* MGSearchViewModel.h */ = {isa = PBXFileReference; fileEncoding = 4; lastKnownFileType = sourcecode.c.h; path = MGSearchViewModel.h; sourceTree = "<group>"; };
		A01833C31ED6BBF9003E5D1C /* MGSearchViewModel.m */ = {isa = PBXFileReference; fileEncoding = 4; lastKnownFileType = sourcecode.c.objc; path = MGSearchViewModel.m; sourceTree = "<group>"; };
		A01833D11ED6BC16003E5D1C /* MGTableViewModelProtocol.h */ = {isa = PBXFileReference; lastKnownFileType = sourcecode.c.h; path = MGTableViewModelProtocol.h; sourceTree = "<group>"; };
		A01D510D1E5BE41B002E9925 /* MGViewModelBasedNavigation.h */ = {isa = PBXFileReference; fileEncoding = 4; lastKnownFileType = sourcecode.c.h; path = MGViewModelBasedNavigation.h; sourceTree = "<group>"; };
		A01D510E1E5BE41B002E9925 /* MGViewModelBasedNavigation.m */ = {isa = PBXFileReference; fileEncoding = 4; lastKnownFileType = sourcecode.c.objc; path = MGViewModelBasedNavigation.m; sourceTree = "<group>"; };
		A02F76BE1E0B6BAC0088470E /* MVVMGitHub.app */ = {isa = PBXFileReference; explicitFileType = wrapper.application; includeInIndex = 0; path = MVVMGitHub.app; sourceTree = BUILT_PRODUCTS_DIR; };
		A02F76CD1E0B6BAC0088470E /* Assets.xcassets */ = {isa = PBXFileReference; lastKnownFileType = folder.assetcatalog; path = Assets.xcassets; sourceTree = "<group>"; };
		A02F76D71E0B6BAC0088470E /* MVVMGitHubTests.xctest */ = {isa = PBXFileReference; explicitFileType = wrapper.cfbundle; includeInIndex = 0; path = MVVMGitHubTests.xctest; sourceTree = BUILT_PRODUCTS_DIR; };
		A02F76DB1E0B6BAC0088470E /* MVVMGitHubTests.m */ = {isa = PBXFileReference; lastKnownFileType = sourcecode.c.objc; path = MVVMGitHubTests.m; sourceTree = "<group>"; };
		A02F76DD1E0B6BAC0088470E /* Info.plist */ = {isa = PBXFileReference; lastKnownFileType = text.plist.xml; path = Info.plist; sourceTree = "<group>"; };
		A02F76E21E0B6BAC0088470E /* MVVMGitHubUITests.xctest */ = {isa = PBXFileReference; explicitFileType = wrapper.cfbundle; includeInIndex = 0; path = MVVMGitHubUITests.xctest; sourceTree = BUILT_PRODUCTS_DIR; };
		A02F76E61E0B6BAC0088470E /* MVVMGitHubUITests.m */ = {isa = PBXFileReference; lastKnownFileType = sourcecode.c.objc; path = MVVMGitHubUITests.m; sourceTree = "<group>"; };
		A02F76E81E0B6BAC0088470E /* Info.plist */ = {isa = PBXFileReference; lastKnownFileType = text.plist.xml; path = Info.plist; sourceTree = "<group>"; };
		A02F770C1E0B7F0E0088470E /* MGConst.h */ = {isa = PBXFileReference; fileEncoding = 4; lastKnownFileType = sourcecode.c.h; path = MGConst.h; sourceTree = "<group>"; };
		A02F770D1E0B7F0E0088470E /* MGConst.m */ = {isa = PBXFileReference; fileEncoding = 4; lastKnownFileType = sourcecode.c.objc; path = MGConst.m; sourceTree = "<group>"; };
		A02F770F1E0B7F150088470E /* MGConfig.h */ = {isa = PBXFileReference; fileEncoding = 4; lastKnownFileType = sourcecode.c.h; path = MGConfig.h; sourceTree = "<group>"; };
		A02F95611F21CF120030C947 /* MGSourceCodeViewController.h */ = {isa = PBXFileReference; fileEncoding = 4; lastKnownFileType = sourcecode.c.h; path = MGSourceCodeViewController.h; sourceTree = "<group>"; };
		A02F95621F21CF120030C947 /* MGSourceCodeViewController.m */ = {isa = PBXFileReference; fileEncoding = 4; lastKnownFileType = sourcecode.c.objc; path = MGSourceCodeViewController.m; sourceTree = "<group>"; };
		A02F95641F21CF6E0030C947 /* MGSourceCodeViewModel.h */ = {isa = PBXFileReference; fileEncoding = 4; lastKnownFileType = sourcecode.c.h; path = MGSourceCodeViewModel.h; sourceTree = "<group>"; };
		A02F95651F21CF6E0030C947 /* MGSourceCodeViewModel.m */ = {isa = PBXFileReference; fileEncoding = 4; lastKnownFileType = sourcecode.c.objc; path = MGSourceCodeViewModel.m; sourceTree = "<group>"; };
		A0303EDF1EDE629F0055A7EE /* MGRepoDetailHeaderView.xib */ = {isa = PBXFileReference; fileEncoding = 4; lastKnownFileType = file.xib; path = MGRepoDetailHeaderView.xib; sourceTree = "<group>"; };
		A0491B1F1F259A04006930EF /* WRNavigationBar.h */ = {isa = PBXFileReference; fileEncoding = 4; lastKnownFileType = sourcecode.c.h; path = WRNavigationBar.h; sourceTree = "<group>"; };
		A0491B201F259A04006930EF /* WRNavigationBar.m */ = {isa = PBXFileReference; fileEncoding = 4; lastKnownFileType = sourcecode.c.objc; path = WRNavigationBar.m; sourceTree = "<group>"; };
		A0491F871F273A5F006930EF /* codeMirror */ = {isa = PBXFileReference; lastKnownFileType = folder; path = codeMirror; sourceTree = "<group>"; };
		A06DD5981ED3D14300082DA4 /* MGApiImpl+MGExplore.h */ = {isa = PBXFileReference; fileEncoding = 4; lastKnownFileType = sourcecode.c.h; path = "MGApiImpl+MGExplore.h"; sourceTree = "<group>"; };
		A06DD5991ED3D14300082DA4 /* MGApiImpl+MGExplore.m */ = {isa = PBXFileReference; fileEncoding = 4; lastKnownFileType = sourcecode.c.objc; path = "MGApiImpl+MGExplore.m"; sourceTree = "<group>"; };
		A06DD59A1ED3D14300082DA4 /* MGApiImpl+MGRepo.h */ = {isa = PBXFileReference; fileEncoding = 4; lastKnownFileType = sourcecode.c.h; path = "MGApiImpl+MGRepo.h"; sourceTree = "<group>"; };
		A06DD59B1ED3D14300082DA4 /* MGApiImpl+MGRepo.m */ = {isa = PBXFileReference; fileEncoding = 4; lastKnownFileType = sourcecode.c.objc; path = "MGApiImpl+MGRepo.m"; sourceTree = "<group>"; };
		A06DD59C1ED3D14300082DA4 /* MGApiImpl+MGSearch.h */ = {isa = PBXFileReference; fileEncoding = 4; lastKnownFileType = sourcecode.c.h; path = "MGApiImpl+MGSearch.h"; sourceTree = "<group>"; };
		A06DD59D1ED3D14300082DA4 /* MGApiImpl+MGSearch.m */ = {isa = PBXFileReference; fileEncoding = 4; lastKnownFileType = sourcecode.c.objc; path = "MGApiImpl+MGSearch.m"; sourceTree = "<group>"; };
		A06DD59E1ED3D14300082DA4 /* MGApiImpl+MGUser.h */ = {isa = PBXFileReference; fileEncoding = 4; lastKnownFileType = sourcecode.c.h; path = "MGApiImpl+MGUser.h"; sourceTree = "<group>"; };
		A06DD59F1ED3D14300082DA4 /* MGApiImpl+MGUser.m */ = {isa = PBXFileReference; fileEncoding = 4; lastKnownFileType = sourcecode.c.objc; path = "MGApiImpl+MGUser.m"; sourceTree = "<group>"; };
		A06DD5A71ED3D26800082DA4 /* MGApiImpl.h */ = {isa = PBXFileReference; fileEncoding = 4; lastKnownFileType = sourcecode.c.h; path = MGApiImpl.h; sourceTree = "<group>"; };
		A06DD5A81ED3D26800082DA4 /* MGApiImpl.m */ = {isa = PBXFileReference; fileEncoding = 4; lastKnownFileType = sourcecode.c.objc; path = MGApiImpl.m; sourceTree = "<group>"; };
		A06F45BD1ED824D400C0DEFE /* MGExploreViewController.h */ = {isa = PBXFileReference; fileEncoding = 4; lastKnownFileType = sourcecode.c.h; path = MGExploreViewController.h; sourceTree = "<group>"; };
		A06F45BE1ED824D400C0DEFE /* MGExploreViewController.m */ = {isa = PBXFileReference; fileEncoding = 4; lastKnownFileType = sourcecode.c.objc; path = MGExploreViewController.m; sourceTree = "<group>"; };
		A06F45C01ED824D400C0DEFE /* MGLoginViewController.h */ = {isa = PBXFileReference; fileEncoding = 4; lastKnownFileType = sourcecode.c.h; path = MGLoginViewController.h; sourceTree = "<group>"; };
		A06F45C11ED824D400C0DEFE /* MGLoginViewController.m */ = {isa = PBXFileReference; fileEncoding = 4; lastKnownFileType = sourcecode.c.objc; path = MGLoginViewController.m; sourceTree = "<group>"; };
		A06F45C31ED824D400C0DEFE /* MGProfileViewController.h */ = {isa = PBXFileReference; fileEncoding = 4; lastKnownFileType = sourcecode.c.h; path = MGProfileViewController.h; sourceTree = "<group>"; };
		A06F45C41ED824D400C0DEFE /* MGProfileViewController.m */ = {isa = PBXFileReference; fileEncoding = 4; lastKnownFileType = sourcecode.c.objc; path = MGProfileViewController.m; sourceTree = "<group>"; };
		A06F45C61ED824D400C0DEFE /* MGCreateRepoViewController.h */ = {isa = PBXFileReference; fileEncoding = 4; lastKnownFileType = sourcecode.c.h; path = MGCreateRepoViewController.h; sourceTree = "<group>"; };
		A06F45C71ED824D400C0DEFE /* MGCreateRepoViewController.m */ = {isa = PBXFileReference; fileEncoding = 4; lastKnownFileType = sourcecode.c.objc; path = MGCreateRepoViewController.m; sourceTree = "<group>"; };
		A06F45C81ED824D400C0DEFE /* MGRepoDetailViewController.h */ = {isa = PBXFileReference; fileEncoding = 4; lastKnownFileType = sourcecode.c.h; path = MGRepoDetailViewController.h; sourceTree = "<group>"; };
		A06F45C91ED824D400C0DEFE /* MGRepoDetailViewController.m */ = {isa = PBXFileReference; fileEncoding = 4; lastKnownFileType = sourcecode.c.objc; path = MGRepoDetailViewController.m; sourceTree = "<group>"; };
		A06F45CA1ED824D400C0DEFE /* MGRepositoryViewController.h */ = {isa = PBXFileReference; fileEncoding = 4; lastKnownFileType = sourcecode.c.h; path = MGRepositoryViewController.h; sourceTree = "<group>"; };
		A06F45CB1ED824D400C0DEFE /* MGRepositoryViewController.m */ = {isa = PBXFileReference; fileEncoding = 4; lastKnownFileType = sourcecode.c.objc; path = MGRepositoryViewController.m; sourceTree = "<group>"; };
		A06F45CF1ED824D400C0DEFE /* MGSearchUserViewController.h */ = {isa = PBXFileReference; fileEncoding = 4; lastKnownFileType = sourcecode.c.h; path = MGSearchUserViewController.h; sourceTree = "<group>"; };
		A06F45D01ED824D400C0DEFE /* MGSearchUserViewController.m */ = {isa = PBXFileReference; fileEncoding = 4; lastKnownFileType = sourcecode.c.objc; path = MGSearchUserViewController.m; sourceTree = "<group>"; };
		A06F45D11ED824D400C0DEFE /* MGSearchViewController.h */ = {isa = PBXFileReference; fileEncoding = 4; lastKnownFileType = sourcecode.c.h; path = MGSearchViewController.h; sourceTree = "<group>"; };
		A06F45D21ED824D400C0DEFE /* MGSearchViewController.m */ = {isa = PBXFileReference; fileEncoding = 4; lastKnownFileType = sourcecode.c.objc; path = MGSearchViewController.m; sourceTree = "<group>"; };
		A06F45DD1ED824ED00C0DEFE /* MGMainViewController.h */ = {isa = PBXFileReference; fileEncoding = 4; lastKnownFileType = sourcecode.c.h; path = MGMainViewController.h; sourceTree = "<group>"; };
		A06F45DE1ED824ED00C0DEFE /* MGMainViewController.m */ = {isa = PBXFileReference; fileEncoding = 4; lastKnownFileType = sourcecode.c.objc; path = MGMainViewController.m; sourceTree = "<group>"; };
		A074844D1EFA0994007689AE /* MGRepoFileTreeView.h */ = {isa = PBXFileReference; fileEncoding = 4; lastKnownFileType = sourcecode.c.h; path = MGRepoFileTreeView.h; sourceTree = "<group>"; };
		A074844E1EFA0994007689AE /* MGRepoFileTreeView.m */ = {isa = PBXFileReference; fileEncoding = 4; lastKnownFileType = sourcecode.c.objc; path = MGRepoFileTreeView.m; sourceTree = "<group>"; };
		A074844F1EFA0994007689AE /* MGRepoFileTreeView.xib */ = {isa = PBXFileReference; fileEncoding = 4; lastKnownFileType = file.xib; path = MGRepoFileTreeView.xib; sourceTree = "<group>"; };
		A07484521EFA09B3007689AE /* MGRepoDetailToolBar.h */ = {isa = PBXFileReference; fileEncoding = 4; lastKnownFileType = sourcecode.c.h; path = MGRepoDetailToolBar.h; sourceTree = "<group>"; };
		A07484531EFA09B3007689AE /* MGRepoDetailToolBar.m */ = {isa = PBXFileReference; fileEncoding = 4; lastKnownFileType = sourcecode.c.objc; path = MGRepoDetailToolBar.m; sourceTree = "<group>"; };
		A07484571EFA09CA007689AE /* MGRepoDetailToolBar.xib */ = {isa = PBXFileReference; fileEncoding = 4; lastKnownFileType = file.xib; path = MGRepoDetailToolBar.xib; sourceTree = "<group>"; };
		A07484591EFA4345007689AE /* MGSearchRepoViewController.h */ = {isa = PBXFileReference; fileEncoding = 4; lastKnownFileType = sourcecode.c.h; path = MGSearchRepoViewController.h; sourceTree = "<group>"; };
		A074845A1EFA4345007689AE /* MGSearchRepoViewController.m */ = {isa = PBXFileReference; fileEncoding = 4; lastKnownFileType = sourcecode.c.objc; path = MGSearchRepoViewController.m; sourceTree = "<group>"; };
		A074845C1EFA4C44007689AE /* MGUserCell.h */ = {isa = PBXFileReference; fileEncoding = 4; lastKnownFileType = sourcecode.c.h; path = MGUserCell.h; sourceTree = "<group>"; };
		A074845D1EFA4C44007689AE /* MGUserCell.m */ = {isa = PBXFileReference; fileEncoding = 4; lastKnownFileType = sourcecode.c.objc; path = MGUserCell.m; sourceTree = "<group>"; };
		A074845E1EFA4C44007689AE /* MGUserCell.xib */ = {isa = PBXFileReference; fileEncoding = 4; lastKnownFileType = file.xib; path = MGUserCell.xib; sourceTree = "<group>"; };
		A07484611EFA5230007689AE /* MGSearchResultModel.h */ = {isa = PBXFileReference; fileEncoding = 4; lastKnownFileType = sourcecode.c.h; path = MGSearchResultModel.h; sourceTree = "<group>"; };
		A07484621EFA5230007689AE /* MGSearchResultModel.m */ = {isa = PBXFileReference; fileEncoding = 4; lastKnownFileType = sourcecode.c.objc; path = MGSearchResultModel.m; sourceTree = "<group>"; };
		A07781161F417CFA0001E37B /* UIButton+MGAdd.h */ = {isa = PBXFileReference; fileEncoding = 4; lastKnownFileType = sourcecode.c.h; path = "UIButton+MGAdd.h"; sourceTree = "<group>"; };
		A07781171F417CFA0001E37B /* UIButton+MGAdd.m */ = {isa = PBXFileReference; fileEncoding = 4; lastKnownFileType = sourcecode.c.objc; path = "UIButton+MGAdd.m"; sourceTree = "<group>"; };
		A080AE0D1E34B54400402510 /* MGViewModelMapper.h */ = {isa = PBXFileReference; fileEncoding = 4; lastKnownFileType = sourcecode.c.h; path = MGViewModelMapper.h; sourceTree = "<group>"; };
		A080AE0E1E34B54400402510 /* MGViewModelMapper.m */ = {isa = PBXFileReference; fileEncoding = 4; lastKnownFileType = sourcecode.c.objc; path = MGViewModelMapper.m; sourceTree = "<group>"; };
		A085F51B1EE5551700F12DD6 /* MGTrendRopsListViewModel.h */ = {isa = PBXFileReference; fileEncoding = 4; lastKnownFileType = sourcecode.c.h; path = MGTrendRopsListViewModel.h; sourceTree = "<group>"; };
		A085F51C1EE5551700F12DD6 /* MGTrendRopsListViewModel.m */ = {isa = PBXFileReference; fileEncoding = 4; lastKnownFileType = sourcecode.c.objc; path = MGTrendRopsListViewModel.m; sourceTree = "<group>"; };
		A08FACC71F037BED0070B311 /* MGRepoCell.h */ = {isa = PBXFileReference; fileEncoding = 4; lastKnownFileType = sourcecode.c.h; path = MGRepoCell.h; sourceTree = "<group>"; };
		A08FACC81F037BED0070B311 /* MGRepoCell.m */ = {isa = PBXFileReference; fileEncoding = 4; lastKnownFileType = sourcecode.c.objc; path = MGRepoCell.m; sourceTree = "<group>"; };
		A08FACC91F037BED0070B311 /* MGRepoCell.xib */ = {isa = PBXFileReference; fileEncoding = 4; lastKnownFileType = file.xib; path = MGRepoCell.xib; sourceTree = "<group>"; };
		A0A2F7691E422B8800F19F22 /* SAMKeychain+MGUser.h */ = {isa = PBXFileReference; fileEncoding = 4; lastKnownFileType = sourcecode.c.h; path = "SAMKeychain+MGUser.h"; sourceTree = "<group>"; };
		A0A2F76A1E422B8800F19F22 /* SAMKeychain+MGUser.m */ = {isa = PBXFileReference; fileEncoding = 4; lastKnownFileType = sourcecode.c.objc; path = "SAMKeychain+MGUser.m"; sourceTree = "<group>"; };
		A0A3D4C11EE7CDD4009E629F /* UIBarButtonItem+MGAdd.h */ = {isa = PBXFileReference; fileEncoding = 4; lastKnownFileType = sourcecode.c.h; path = "UIBarButtonItem+MGAdd.h"; sourceTree = "<group>"; };
		A0A3D4C21EE7CDD4009E629F /* UIBarButtonItem+MGAdd.m */ = {isa = PBXFileReference; fileEncoding = 4; lastKnownFileType = sourcecode.c.objc; path = "UIBarButtonItem+MGAdd.m"; sourceTree = "<group>"; };
		A0A3D4C81EE92B6A009E629F /* UITableView+MGAdd.h */ = {isa = PBXFileReference; fileEncoding = 4; lastKnownFileType = sourcecode.c.h; path = "UITableView+MGAdd.h"; sourceTree = "<group>"; };
		A0A3D4C91EE92B6A009E629F /* UITableView+MGAdd.m */ = {isa = PBXFileReference; fileEncoding = 4; lastKnownFileType = sourcecode.c.objc; path = "UITableView+MGAdd.m"; sourceTree = "<group>"; };
		A0A815121ED4092A004678CD /* MGTableViewBinder.h */ = {isa = PBXFileReference; fileEncoding = 4; lastKnownFileType = sourcecode.c.h; path = MGTableViewBinder.h; sourceTree = "<group>"; };
		A0A815131ED4092A004678CD /* MGTableViewBinder.m */ = {isa = PBXFileReference; fileEncoding = 4; lastKnownFileType = sourcecode.c.objc; path = MGTableViewBinder.m; sourceTree = "<group>"; };
		A0C0A5EF1EA0770600F44F94 /* MGViewModelProtocol.h */ = {isa = PBXFileReference; fileEncoding = 4; lastKnownFileType = sourcecode.c.h; path = MGViewModelProtocol.h; sourceTree = "<group>"; };
		A0C0A5F01EA0779A00F44F94 /* MGNavigationControllerProtocol.h */ = {isa = PBXFileReference; fileEncoding = 4; lastKnownFileType = sourcecode.c.h; path = MGNavigationControllerProtocol.h; sourceTree = "<group>"; };
		A0C0A60F1EA0AF7800F44F94 /* MGViewModel.h */ = {isa = PBXFileReference; fileEncoding = 4; lastKnownFileType = sourcecode.c.h; path = MGViewModel.h; sourceTree = "<group>"; };
		A0C0A6101EA0AF7800F44F94 /* MGViewModel.m */ = {isa = PBXFileReference; fileEncoding = 4; lastKnownFileType = sourcecode.c.objc; path = MGViewModel.m; sourceTree = "<group>"; };
		A0C0A6241EA0C24C00F44F94 /* MGExploreCollectionViewCell.h */ = {isa = PBXFileReference; fileEncoding = 4; lastKnownFileType = sourcecode.c.h; path = MGExploreCollectionViewCell.h; sourceTree = "<group>"; };
		A0C0A6251EA0C24C00F44F94 /* MGExploreCollectionViewCell.m */ = {isa = PBXFileReference; fileEncoding = 4; lastKnownFileType = sourcecode.c.objc; path = MGExploreCollectionViewCell.m; sourceTree = "<group>"; };
		A0C0A6261EA0C24C00F44F94 /* MGExploreCollectionViewCell.xib */ = {isa = PBXFileReference; fileEncoding = 4; lastKnownFileType = file.xib; path = MGExploreCollectionViewCell.xib; sourceTree = "<group>"; };
		A0C0A62A1EA0C24C00F44F94 /* MGOCTTreeEntryCell.h */ = {isa = PBXFileReference; fileEncoding = 4; lastKnownFileType = sourcecode.c.h; path = MGOCTTreeEntryCell.h; sourceTree = "<group>"; };
		A0C0A62B1EA0C24C00F44F94 /* MGOCTTreeEntryCell.m */ = {isa = PBXFileReference; fileEncoding = 4; lastKnownFileType = sourcecode.c.objc; path = MGOCTTreeEntryCell.m; sourceTree = "<group>"; };
		A0C0A62C1EA0C24C00F44F94 /* MGOCTTreeEntryCell.xib */ = {isa = PBXFileReference; fileEncoding = 4; lastKnownFileType = file.xib; path = MGOCTTreeEntryCell.xib; sourceTree = "<group>"; };
		A0C0A63D1EA0C2A300F44F94 /* MGRepoDetailHeaderView.h */ = {isa = PBXFileReference; fileEncoding = 4; lastKnownFileType = sourcecode.c.h; path = MGRepoDetailHeaderView.h; sourceTree = "<group>"; };
		A0C0A63E1EA0C2A300F44F94 /* MGRepoDetailHeaderView.m */ = {isa = PBXFileReference; fileEncoding = 4; lastKnownFileType = sourcecode.c.objc; path = MGRepoDetailHeaderView.m; sourceTree = "<group>"; };
		A0C0A64C1EA0C2DD00F44F94 /* MGNavigationController.h */ = {isa = PBXFileReference; fileEncoding = 4; lastKnownFileType = sourcecode.c.h; path = MGNavigationController.h; sourceTree = "<group>"; };
		A0C0A64D1EA0C2DD00F44F94 /* MGNavigationController.m */ = {isa = PBXFileReference; fileEncoding = 4; lastKnownFileType = sourcecode.c.objc; path = MGNavigationController.m; sourceTree = "<group>"; };
		A0C0A65D1EA0C2DD00F44F94 /* MGViewController.h */ = {isa = PBXFileReference; fileEncoding = 4; lastKnownFileType = sourcecode.c.h; path = MGViewController.h; sourceTree = "<group>"; };
		A0C0A65E1EA0C2DD00F44F94 /* MGViewController.m */ = {isa = PBXFileReference; fileEncoding = 4; lastKnownFileType = sourcecode.c.objc; path = MGViewController.m; sourceTree = "<group>"; };
		A0C603811F3D95D7000BFF59 /* UIViewController+MGNav.h */ = {isa = PBXFileReference; fileEncoding = 4; lastKnownFileType = sourcecode.c.h; path = "UIViewController+MGNav.h"; sourceTree = "<group>"; };
		A0C603821F3D95D7000BFF59 /* UIViewController+MGNav.m */ = {isa = PBXFileReference; fileEncoding = 4; lastKnownFileType = sourcecode.c.objc; path = "UIViewController+MGNav.m"; sourceTree = "<group>"; };
		A0D28CFF1EF280B800C7974A /* NSString+MGAdd.h */ = {isa = PBXFileReference; fileEncoding = 4; lastKnownFileType = sourcecode.c.h; path = "NSString+MGAdd.h"; sourceTree = "<group>"; };
		A0D28D001EF280B800C7974A /* NSString+MGAdd.m */ = {isa = PBXFileReference; fileEncoding = 4; lastKnownFileType = sourcecode.c.objc; path = "NSString+MGAdd.m"; sourceTree = "<group>"; };
		A0D28D071EF3C93E00C7974A /* MGRepoCommitsViewModel.h */ = {isa = PBXFileReference; fileEncoding = 4; lastKnownFileType = sourcecode.c.h; path = MGRepoCommitsViewModel.h; sourceTree = "<group>"; };
		A0D28D081EF3C93E00C7974A /* MGRepoCommitsViewModel.m */ = {isa = PBXFileReference; fileEncoding = 4; lastKnownFileType = sourcecode.c.objc; path = MGRepoCommitsViewModel.m; sourceTree = "<group>"; };
		A0D28D0A1EF3CB5A00C7974A /* MGRepoCommitsViewController.h */ = {isa = PBXFileReference; fileEncoding = 4; lastKnownFileType = sourcecode.c.h; path = MGRepoCommitsViewController.h; sourceTree = "<group>"; };
		A0D28D0B1EF3CB5A00C7974A /* MGRepoCommitsViewController.m */ = {isa = PBXFileReference; fileEncoding = 4; lastKnownFileType = sourcecode.c.objc; path = MGRepoCommitsViewController.m; sourceTree = "<group>"; };
		A0D28D0D1EF3CE2400C7974A /* MGRepoCommitsCell.h */ = {isa = PBXFileReference; fileEncoding = 4; lastKnownFileType = sourcecode.c.h; path = MGRepoCommitsCell.h; sourceTree = "<group>"; };
		A0D28D0E1EF3CE2400C7974A /* MGRepoCommitsCell.m */ = {isa = PBXFileReference; fileEncoding = 4; lastKnownFileType = sourcecode.c.objc; path = MGRepoCommitsCell.m; sourceTree = "<group>"; };
		A0D28D0F1EF3CE2400C7974A /* MGRepoCommitsCell.xib */ = {isa = PBXFileReference; fileEncoding = 4; lastKnownFileType = file.xib; path = MGRepoCommitsCell.xib; sourceTree = "<group>"; };
		A0D3DA461E56D27E00337EF7 /* WKWebView+MGWeb.h */ = {isa = PBXFileReference; fileEncoding = 4; lastKnownFileType = sourcecode.c.h; path = "WKWebView+MGWeb.h"; sourceTree = "<group>"; };
		A0D3DA471E56D27E00337EF7 /* WKWebView+MGWeb.m */ = {isa = PBXFileReference; fileEncoding = 4; lastKnownFileType = sourcecode.c.objc; path = "WKWebView+MGWeb.m"; sourceTree = "<group>"; };
		A0E7ED601F29B4A100FA78C6 /* OCTClient+MGAdd.h */ = {isa = PBXFileReference; fileEncoding = 4; lastKnownFileType = sourcecode.c.h; path = "OCTClient+MGAdd.h"; sourceTree = "<group>"; };
		A0E7ED611F29B4A100FA78C6 /* OCTClient+MGAdd.m */ = {isa = PBXFileReference; fileEncoding = 4; lastKnownFileType = sourcecode.c.objc; path = "OCTClient+MGAdd.m"; sourceTree = "<group>"; };
		A0EC6EAE1F0E18AF00A4067B /* MGAppDelegate.h */ = {isa = PBXFileReference; fileEncoding = 4; lastKnownFileType = sourcecode.c.h; path = MGAppDelegate.h; sourceTree = "<group>"; };
		A0EC6EAF1F0E18AF00A4067B /* MGAppDelegate.m */ = {isa = PBXFileReference; fileEncoding = 4; lastKnownFileType = sourcecode.c.objc; path = MGAppDelegate.m; sourceTree = "<group>"; };
		A0EC6EB01F0E18AF00A4067B /* lanchScreen.storyboard */ = {isa = PBXFileReference; fileEncoding = 4; lastKnownFileType = file.storyboard; path = lanchScreen.storyboard; sourceTree = "<group>"; };
		A0EC6EB11F0E18AF00A4067B /* main.m */ = {isa = PBXFileReference; fileEncoding = 4; lastKnownFileType = sourcecode.c.objc; path = main.m; sourceTree = "<group>"; };
		A0EC6EB21F0E18AF00A4067B /* MGPrefixHeader.pch */ = {isa = PBXFileReference; fileEncoding = 4; lastKnownFileType = sourcecode.c.h; path = MGPrefixHeader.pch; sourceTree = "<group>"; };
		A0EC6EB41F0E18AF00A4067B /* github_language_name_slug.plist */ = {isa = PBXFileReference; fileEncoding = 4; lastKnownFileType = text.plist.xml; path = github_language_name_slug.plist; sourceTree = "<group>"; };
		A0EC6EB51F0E18AF00A4067B /* Info.plist */ = {isa = PBXFileReference; fileEncoding = 4; lastKnownFileType = text.plist.xml; path = Info.plist; sourceTree = "<group>"; };
		A0EC6EB61F0E18AF00A4067B /* viewModel-ViewControllerMapper.plist */ = {isa = PBXFileReference; fileEncoding = 4; lastKnownFileType = text.plist.xml; path = "viewModel-ViewControllerMapper.plist"; sourceTree = "<group>"; };
		A0EC6EC21F0E340000A4067B /* MGProfileHeaderView.h */ = {isa = PBXFileReference; fileEncoding = 4; lastKnownFileType = sourcecode.c.h; path = MGProfileHeaderView.h; sourceTree = "<group>"; };
		A0EC6EC31F0E340000A4067B /* MGProfileHeaderView.m */ = {isa = PBXFileReference; fileEncoding = 4; lastKnownFileType = sourcecode.c.objc; path = MGProfileHeaderView.m; sourceTree = "<group>"; };
		A0EC6EC51F0E340700A4067B /* MGProfileHeaderView.xib */ = {isa = PBXFileReference; fileEncoding = 4; lastKnownFileType = file.xib; path = MGProfileHeaderView.xib; sourceTree = "<group>"; };
		A0EC6EC71F0F131200A4067B /* MGUser.h */ = {isa = PBXFileReference; fileEncoding = 4; lastKnownFileType = sourcecode.c.h; path = MGUser.h; sourceTree = "<group>"; };
		A0EC6EC81F0F131200A4067B /* MGUser.m */ = {isa = PBXFileReference; fileEncoding = 4; lastKnownFileType = sourcecode.c.objc; path = MGUser.m; sourceTree = "<group>"; };
		A0EC6ED11F0F774C00A4067B /* MGTableViewCell.h */ = {isa = PBXFileReference; fileEncoding = 4; lastKnownFileType = sourcecode.c.h; path = MGTableViewCell.h; sourceTree = "<group>"; };
		A0EC6ED21F0F774C00A4067B /* MGTableViewCell.m */ = {isa = PBXFileReference; fileEncoding = 4; lastKnownFileType = sourcecode.c.objc; path = MGTableViewCell.m; sourceTree = "<group>"; };
		A0EC6ED31F0F774C00A4067B /* MGTableViewCell.xib */ = {isa = PBXFileReference; fileEncoding = 4; lastKnownFileType = file.xib; path = MGTableViewCell.xib; sourceTree = "<group>"; };
		A0FFF9CE1F13479800D6C554 /* MGEvent.h */ = {isa = PBXFileReference; fileEncoding = 4; lastKnownFileType = sourcecode.c.h; path = MGEvent.h; sourceTree = "<group>"; };
		A0FFF9CF1F13479800D6C554 /* MGEvent.m */ = {isa = PBXFileReference; fileEncoding = 4; lastKnownFileType = sourcecode.c.objc; path = MGEvent.m; sourceTree = "<group>"; };
		A0FFF9D11F1359C500D6C554 /* MGApiImpl+MGActivity.h */ = {isa = PBXFileReference; fileEncoding = 4; lastKnownFileType = sourcecode.c.h; path = "MGApiImpl+MGActivity.h"; sourceTree = "<group>"; };
		A0FFF9D21F1359C500D6C554 /* MGApiImpl+MGActivity.m */ = {isa = PBXFileReference; fileEncoding = 4; lastKnownFileType = sourcecode.c.objc; path = "MGApiImpl+MGActivity.m"; sourceTree = "<group>"; };
		A0FFF9D41F135F7E00D6C554 /* MGActivityViewModel.h */ = {isa = PBXFileReference; fileEncoding = 4; lastKnownFileType = sourcecode.c.h; path = MGActivityViewModel.h; sourceTree = "<group>"; };
		A0FFF9D51F135F7E00D6C554 /* MGActivityViewModel.m */ = {isa = PBXFileReference; fileEncoding = 4; lastKnownFileType = sourcecode.c.objc; path = MGActivityViewModel.m; sourceTree = "<group>"; };
		A0FFF9D71F1364CE00D6C554 /* MGEventsViewModel.h */ = {isa = PBXFileReference; fileEncoding = 4; lastKnownFileType = sourcecode.c.h; path = MGEventsViewModel.h; sourceTree = "<group>"; };
		A0FFF9D81F1364CE00D6C554 /* MGEventsViewModel.m */ = {isa = PBXFileReference; fileEncoding = 4; lastKnownFileType = sourcecode.c.objc; path = MGEventsViewModel.m; sourceTree = "<group>"; };
		A0FFF9DA1F1498F200D6C554 /* MGOrganizations.h */ = {isa = PBXFileReference; fileEncoding = 4; lastKnownFileType = sourcecode.c.h; path = MGOrganizations.h; sourceTree = "<group>"; };
		A0FFF9DB1F1498F200D6C554 /* MGOrganizations.m */ = {isa = PBXFileReference; fileEncoding = 4; lastKnownFileType = sourcecode.c.objc; path = MGOrganizations.m; sourceTree = "<group>"; };
		A0FFF9DD1F14B48D00D6C554 /* RACSignal+MGAdd.h */ = {isa = PBXFileReference; fileEncoding = 4; lastKnownFileType = sourcecode.c.h; path = "RACSignal+MGAdd.h"; sourceTree = "<group>"; };
		A0FFF9DE1F14B48D00D6C554 /* RACSignal+MGAdd.m */ = {isa = PBXFileReference; fileEncoding = 4; lastKnownFileType = sourcecode.c.objc; path = "RACSignal+MGAdd.m"; sourceTree = "<group>"; };
		A0FFF9E01F14C03E00D6C554 /* MGFollowerViewController.h */ = {isa = PBXFileReference; fileEncoding = 4; lastKnownFileType = sourcecode.c.h; path = MGFollowerViewController.h; sourceTree = "<group>"; };
		A0FFF9E11F14C03E00D6C554 /* MGFollowerViewController.m */ = {isa = PBXFileReference; fileEncoding = 4; lastKnownFileType = sourcecode.c.objc; path = MGFollowerViewController.m; sourceTree = "<group>"; };
		A0FFF9E31F14C04800D6C554 /* MGFollowingViewController.h */ = {isa = PBXFileReference; fileEncoding = 4; lastKnownFileType = sourcecode.c.h; path = MGFollowingViewController.h; sourceTree = "<group>"; };
		A0FFF9E41F14C04800D6C554 /* MGFollowingViewController.m */ = {isa = PBXFileReference; fileEncoding = 4; lastKnownFileType = sourcecode.c.objc; path = MGFollowingViewController.m; sourceTree = "<group>"; };
		A0FFF9E61F14C0A400D6C554 /* MGFollowingViewModel.h */ = {isa = PBXFileReference; fileEncoding = 4; lastKnownFileType = sourcecode.c.h; path = MGFollowingViewModel.h; sourceTree = "<group>"; };
		A0FFF9E71F14C0A400D6C554 /* MGFollowingViewModel.m */ = {isa = PBXFileReference; fileEncoding = 4; lastKnownFileType = sourcecode.c.objc; path = MGFollowingViewModel.m; sourceTree = "<group>"; };
		A0FFF9E91F14C0FB00D6C554 /* MGFollowerViewModel.h */ = {isa = PBXFileReference; fileEncoding = 4; lastKnownFileType = sourcecode.c.h; path = MGFollowerViewModel.h; sourceTree = "<group>"; };
		A0FFF9EA1F14C0FB00D6C554 /* MGFollowerViewModel.m */ = {isa = PBXFileReference; fileEncoding = 4; lastKnownFileType = sourcecode.c.objc; path = MGFollowerViewModel.m; sourceTree = "<group>"; };
		A0FFF9EC1F15BA3300D6C554 /* octicons.ttf */ = {isa = PBXFileReference; lastKnownFileType = file; path = octicons.ttf; sourceTree = "<group>"; };
		A0FFF9EE1F15C0FC00D6C554 /* MGTableViewCellProtocol.h */ = {isa = PBXFileReference; fileEncoding = 4; lastKnownFileType = sourcecode.c.h; path = MGTableViewCellProtocol.h; sourceTree = "<group>"; };
		E35231387C386A4A86523701 /* Pods_MVVMGitHub.framework */ = {isa = PBXFileReference; explicitFileType = wrapper.framework; includeInIndex = 0; path = Pods_MVVMGitHub.framework; sourceTree = BUILT_PRODUCTS_DIR; };
		E6E72F4025D1C9A954773EF1 /* Pods-MVVMGitHub.debug.xcconfig */ = {isa = PBXFileReference; includeInIndex = 1; lastKnownFileType = text.xcconfig; name = "Pods-MVVMGitHub.debug.xcconfig"; path = "Pods/Target Support Files/Pods-MVVMGitHub/Pods-MVVMGitHub.debug.xcconfig"; sourceTree = "<group>"; };
		E88F43C9A73CBE645B92D0D7 /* MGViewControllerProtocol.h */ = {isa = PBXFileReference; fileEncoding = 4; lastKnownFileType = sourcecode.c.h; path = MGViewControllerProtocol.h; sourceTree = "<group>"; };
		E88F4675531220CFB6997D95 /* MGReactiveViewProtocol.h */ = {isa = PBXFileReference; fileEncoding = 4; lastKnownFileType = sourcecode.c.h; path = MGReactiveViewProtocol.h; sourceTree = "<group>"; };
		EB7C58D84B242D5E892B73FE /* Pods-MVVMGitHub.release.xcconfig */ = {isa = PBXFileReference; includeInIndex = 1; lastKnownFileType = text.xcconfig; name = "Pods-MVVMGitHub.release.xcconfig"; path = "Pods/Target Support Files/Pods-MVVMGitHub/Pods-MVVMGitHub.release.xcconfig"; sourceTree = "<group>"; };
/* End PBXFileReference section */

/* Begin PBXFrameworksBuildPhase section */
		A02F76BB1E0B6BAC0088470E /* Frameworks */ = {
			isa = PBXFrameworksBuildPhase;
			buildActionMask = 2147483647;
			files = (
				515F720FA4946EBCA4C3FAF3 /* Pods_MVVMGitHub.framework in Frameworks */,
			);
			runOnlyForDeploymentPostprocessing = 0;
		};
		A02F76D41E0B6BAC0088470E /* Frameworks */ = {
			isa = PBXFrameworksBuildPhase;
			buildActionMask = 2147483647;
			files = (
			);
			runOnlyForDeploymentPostprocessing = 0;
		};
		A02F76DF1E0B6BAC0088470E /* Frameworks */ = {
			isa = PBXFrameworksBuildPhase;
			buildActionMask = 2147483647;
			files = (
			);
			runOnlyForDeploymentPostprocessing = 0;
		};
/* End PBXFrameworksBuildPhase section */

/* Begin PBXGroup section */
		4688021903E37B881934F32C /* Pods */ = {
			isa = PBXGroup;
			children = (
				E6E72F4025D1C9A954773EF1 /* Pods-MVVMGitHub.debug.xcconfig */,
				EB7C58D84B242D5E892B73FE /* Pods-MVVMGitHub.release.xcconfig */,
			);
			name = Pods;
			sourceTree = "<group>";
		};
		714F51590D364F8FBF3DFAB9 /* Frameworks */ = {
			isa = PBXGroup;
			children = (
				E35231387C386A4A86523701 /* Pods_MVVMGitHub.framework */,
			);
			name = Frameworks;
			sourceTree = "<group>";
		};
		A01833AD1ED6BB98003E5D1C /* CellViewModel */ = {
			isa = PBXGroup;
			children = (
				A01833AE1ED6BBAF003E5D1C /* MGExploreCellViewModel.h */,
				A01833AF1ED6BBAF003E5D1C /* MGExploreCellViewModel.m */,
			);
			path = CellViewModel;
			sourceTree = "<group>";
		};
		A01833B11ED6BBF9003E5D1C /* ControllerViewModel */ = {
			isa = PBXGroup;
			children = (
				A0FFF9D41F135F7E00D6C554 /* MGActivityViewModel.h */,
				A0FFF9D51F135F7E00D6C554 /* MGActivityViewModel.m */,
				A01833B21ED6BBF9003E5D1C /* MGCreateRepoViewModel.h */,
				A01833B31ED6BBF9003E5D1C /* MGCreateRepoViewModel.m */,
				A0FFF9D71F1364CE00D6C554 /* MGEventsViewModel.h */,
				A0FFF9D81F1364CE00D6C554 /* MGEventsViewModel.m */,
				A01833B61ED6BBF9003E5D1C /* MGExploreViewModel.h */,
				A01833B71ED6BBF9003E5D1C /* MGExploreViewModel.m */,
				A0FFF9E91F14C0FB00D6C554 /* MGFollowerViewModel.h */,
				A0FFF9EA1F14C0FB00D6C554 /* MGFollowerViewModel.m */,
				A0FFF9E61F14C0A400D6C554 /* MGFollowingViewModel.h */,
				A0FFF9E71F14C0A400D6C554 /* MGFollowingViewModel.m */,
				A01833B81ED6BBF9003E5D1C /* MGLoginViewModel.h */,
				A01833B91ED6BBF9003E5D1C /* MGLoginViewModel.m */,
				A01833BA1ED6BBF9003E5D1C /* MGMainViewModel.h */,
				A01833BB1ED6BBF9003E5D1C /* MGMainViewModel.m */,
				A01833BC1ED6BBF9003E5D1C /* MGProfileViewModel.h */,
				A01833BD1ED6BBF9003E5D1C /* MGProfileViewModel.m */,
				A0D28D071EF3C93E00C7974A /* MGRepoCommitsViewModel.h */,
				A0D28D081EF3C93E00C7974A /* MGRepoCommitsViewModel.m */,
				A01833BE1ED6BBF9003E5D1C /* MGRepoDetailViewModel.h */,
				A01833BF1ED6BBF9003E5D1C /* MGRepoDetailViewModel.m */,
				A01833C01ED6BBF9003E5D1C /* MGRepositoryViewModel.h */,
				A01833C11ED6BBF9003E5D1C /* MGRepositoryViewModel.m */,
				A01833C21ED6BBF9003E5D1C /* MGSearchViewModel.h */,
				A01833C31ED6BBF9003E5D1C /* MGSearchViewModel.m */,
				A085F51B1EE5551700F12DD6 /* MGTrendRopsListViewModel.h */,
				A085F51C1EE5551700F12DD6 /* MGTrendRopsListViewModel.m */,
				A02F95641F21CF6E0030C947 /* MGSourceCodeViewModel.h */,
				A02F95651F21CF6E0030C947 /* MGSourceCodeViewModel.m */,
			);
			path = ControllerViewModel;
			sourceTree = "<group>";
		};
		A027E6111E3E3CBA00641D2A /* Category */ = {
			isa = PBXGroup;
			children = (
				A0D28CFF1EF280B800C7974A /* NSString+MGAdd.h */,
				A0D28D001EF280B800C7974A /* NSString+MGAdd.m */,
				A0FFF9DD1F14B48D00D6C554 /* RACSignal+MGAdd.h */,
				A0FFF9DE1F14B48D00D6C554 /* RACSignal+MGAdd.m */,
				A0A2F7691E422B8800F19F22 /* SAMKeychain+MGUser.h */,
				A0A2F76A1E422B8800F19F22 /* SAMKeychain+MGUser.m */,
				A0A3D4C11EE7CDD4009E629F /* UIBarButtonItem+MGAdd.h */,
				A0A3D4C21EE7CDD4009E629F /* UIBarButtonItem+MGAdd.m */,
				A07781161F417CFA0001E37B /* UIButton+MGAdd.h */,
				A07781171F417CFA0001E37B /* UIButton+MGAdd.m */,
				A01833A51ED6B810003E5D1C /* UILabel+MGAdd.h */,
				A01833A61ED6B810003E5D1C /* UILabel+MGAdd.m */,
				A0A3D4C81EE92B6A009E629F /* UITableView+MGAdd.h */,
				A0A3D4C91EE92B6A009E629F /* UITableView+MGAdd.m */,
				A0C603811F3D95D7000BFF59 /* UIViewController+MGNav.h */,
				A0C603821F3D95D7000BFF59 /* UIViewController+MGNav.m */,
				A0D3DA461E56D27E00337EF7 /* WKWebView+MGWeb.h */,
				A0D3DA471E56D27E00337EF7 /* WKWebView+MGWeb.m */,
			);
			path = Category;
			sourceTree = "<group>";
		};
		A02F76B51E0B6BAC0088470E = {
			isa = PBXGroup;
			children = (
				A02F76C01E0B6BAC0088470E /* MVVMGitHub */,
				A02F76DA1E0B6BAC0088470E /* MVVMGitHubTests */,
				A02F76E51E0B6BAC0088470E /* MVVMGitHubUITests */,
				A02F76BF1E0B6BAC0088470E /* Products */,
				4688021903E37B881934F32C /* Pods */,
				714F51590D364F8FBF3DFAB9 /* Frameworks */,
			);
			sourceTree = "<group>";
		};
		A02F76BF1E0B6BAC0088470E /* Products */ = {
			isa = PBXGroup;
			children = (
				A02F76BE1E0B6BAC0088470E /* MVVMGitHub.app */,
				A02F76D71E0B6BAC0088470E /* MVVMGitHubTests.xctest */,
				A02F76E21E0B6BAC0088470E /* MVVMGitHubUITests.xctest */,
			);
			name = Products;
			sourceTree = "<group>";
		};
		A02F76C01E0B6BAC0088470E /* MVVMGitHub */ = {
			isa = PBXGroup;
			children = (
				A0E695C81F04C82A00D878BD /* Libs */,
				A085F52E1EE64D2C00F12DD6 /* WebView */,
				A0A815111ED4090A004678CD /* TableViewBinder */,
				A02F77071E0B7EF70088470E /* Uitl */,
				A06DD5971ED3D14300082DA4 /* ApiImpl */,
				A027E6111E3E3CBA00641D2A /* Category */,
				A02F77051E0B7EF70088470E /* Model */,
				A0C0A5AE1EA0765000F44F94 /* ViewModel */,
				A02F77081E0B7EF70088470E /* View */,
				A0EC6EAC1F0E18AF00A4067B /* Supporting Files */,
				A02F76CD1E0B6BAC0088470E /* Assets.xcassets */,
			);
			path = MVVMGitHub;
			sourceTree = "<group>";
		};
		A02F76DA1E0B6BAC0088470E /* MVVMGitHubTests */ = {
			isa = PBXGroup;
			children = (
				A02F76DB1E0B6BAC0088470E /* MVVMGitHubTests.m */,
				A02F76DD1E0B6BAC0088470E /* Info.plist */,
			);
			path = MVVMGitHubTests;
			sourceTree = "<group>";
		};
		A02F76E51E0B6BAC0088470E /* MVVMGitHubUITests */ = {
			isa = PBXGroup;
			children = (
				A02F76E61E0B6BAC0088470E /* MVVMGitHubUITests.m */,
				A02F76E81E0B6BAC0088470E /* Info.plist */,
			);
			path = MVVMGitHubUITests;
			sourceTree = "<group>";
		};
		A02F77051E0B7EF70088470E /* Model */ = {
			isa = PBXGroup;
			children = (
				A002953B1E2F601B004AC90E /* MGRepositoriesModel.h */,
				A002953C1E2F601B004AC90E /* MGRepositoriesModel.m */,
				A002953E1E2F63CE004AC90E /* MGShowcasesModel.h */,
				A002953F1E2F63CE004AC90E /* MGShowcasesModel.m */,
				A07484611EFA5230007689AE /* MGSearchResultModel.h */,
				A07484621EFA5230007689AE /* MGSearchResultModel.m */,
				A0EC6EC71F0F131200A4067B /* MGUser.h */,
				A0EC6EC81F0F131200A4067B /* MGUser.m */,
				A0FFF9CE1F13479800D6C554 /* MGEvent.h */,
				A0FFF9CF1F13479800D6C554 /* MGEvent.m */,
				A0FFF9DA1F1498F200D6C554 /* MGOrganizations.h */,
				A0FFF9DB1F1498F200D6C554 /* MGOrganizations.m */,
			);
			path = Model;
			sourceTree = "<group>";
		};
		A02F77071E0B7EF70088470E /* Uitl */ = {
			isa = PBXGroup;
			children = (
				A02F770F1E0B7F150088470E /* MGConfig.h */,
				A02F770C1E0B7F0E0088470E /* MGConst.h */,
				A02F770D1E0B7F0E0088470E /* MGConst.m */,
				A080AE0D1E34B54400402510 /* MGViewModelMapper.h */,
				A080AE0E1E34B54400402510 /* MGViewModelMapper.m */,
				A0C0A5F01EA0779A00F44F94 /* MGNavigationControllerProtocol.h */,
				A01D510D1E5BE41B002E9925 /* MGViewModelBasedNavigation.h */,
				A01D510E1E5BE41B002E9925 /* MGViewModelBasedNavigation.m */,
			);
			path = Uitl;
			sourceTree = "<group>";
		};
		A02F77081E0B7EF70088470E /* View */ = {
			isa = PBXGroup;
			children = (
				E88F43C9A73CBE645B92D0D7 /* MGViewControllerProtocol.h */,
				E88F4675531220CFB6997D95 /* MGReactiveViewProtocol.h */,
				A0C0A6431EA0C2DD00F44F94 /* Controller */,
				A085F5281EE649E800F12DD6 /* Views */,
				A0C0A63C1EA0C2A300F44F94 /* TableHeaderFooterView */,
				A0C0A6201EA0C24C00F44F94 /* TableViewCell */,
			);
			path = View;
			sourceTree = "<group>";
		};
		A02F95601F21CEF70030C947 /* SourceCode */ = {
			isa = PBXGroup;
			children = (
				A02F95611F21CF120030C947 /* MGSourceCodeViewController.h */,
				A02F95621F21CF120030C947 /* MGSourceCodeViewController.m */,
			);
			path = SourceCode;
			sourceTree = "<group>";
		};
		A0491B1E1F259A04006930EF /* WRNavigationBar */ = {
			isa = PBXGroup;
			children = (
				A0491B1F1F259A04006930EF /* WRNavigationBar.h */,
				A0491B201F259A04006930EF /* WRNavigationBar.m */,
			);
			path = WRNavigationBar;
			sourceTree = "<group>";
		};
		A06DD5971ED3D14300082DA4 /* ApiImpl */ = {
			isa = PBXGroup;
			children = (
				A06DD5A71ED3D26800082DA4 /* MGApiImpl.h */,
				A06DD5A81ED3D26800082DA4 /* MGApiImpl.m */,
				A06DD5981ED3D14300082DA4 /* MGApiImpl+MGExplore.h */,
				A06DD5991ED3D14300082DA4 /* MGApiImpl+MGExplore.m */,
				A06DD59A1ED3D14300082DA4 /* MGApiImpl+MGRepo.h */,
				A06DD59B1ED3D14300082DA4 /* MGApiImpl+MGRepo.m */,
				A06DD59C1ED3D14300082DA4 /* MGApiImpl+MGSearch.h */,
				A06DD59D1ED3D14300082DA4 /* MGApiImpl+MGSearch.m */,
				A06DD59E1ED3D14300082DA4 /* MGApiImpl+MGUser.h */,
				A06DD59F1ED3D14300082DA4 /* MGApiImpl+MGUser.m */,
				A0FFF9D11F1359C500D6C554 /* MGApiImpl+MGActivity.h */,
				A0FFF9D21F1359C500D6C554 /* MGApiImpl+MGActivity.m */,
				A0E7ED601F29B4A100FA78C6 /* OCTClient+MGAdd.h */,
				A0E7ED611F29B4A100FA78C6 /* OCTClient+MGAdd.m */,
			);
			path = ApiImpl;
			sourceTree = "<group>";
		};
		A06F45BC1ED824D400C0DEFE /* Explore */ = {
			isa = PBXGroup;
			children = (
				A06F45BD1ED824D400C0DEFE /* MGExploreViewController.h */,
				A06F45BE1ED824D400C0DEFE /* MGExploreViewController.m */,
			);
			path = Explore;
			sourceTree = "<group>";
		};
		A06F45BF1ED824D400C0DEFE /* Login */ = {
			isa = PBXGroup;
			children = (
				A06F45C01ED824D400C0DEFE /* MGLoginViewController.h */,
				A06F45C11ED824D400C0DEFE /* MGLoginViewController.m */,
			);
			path = Login;
			sourceTree = "<group>";
		};
		A06F45C21ED824D400C0DEFE /* Profile */ = {
			isa = PBXGroup;
			children = (
				A06F45C31ED824D400C0DEFE /* MGProfileViewController.h */,
				A06F45C41ED824D400C0DEFE /* MGProfileViewController.m */,
				A0FFF9E01F14C03E00D6C554 /* MGFollowerViewController.h */,
				A0FFF9E11F14C03E00D6C554 /* MGFollowerViewController.m */,
				A0FFF9E31F14C04800D6C554 /* MGFollowingViewController.h */,
				A0FFF9E41F14C04800D6C554 /* MGFollowingViewController.m */,
			);
			path = Profile;
			sourceTree = "<group>";
		};
		A06F45C51ED824D400C0DEFE /* Repo */ = {
			isa = PBXGroup;
			children = (
				A06F45CA1ED824D400C0DEFE /* MGRepositoryViewController.h */,
				A06F45CB1ED824D400C0DEFE /* MGRepositoryViewController.m */,
				A06F45C81ED824D400C0DEFE /* MGRepoDetailViewController.h */,
				A06F45C91ED824D400C0DEFE /* MGRepoDetailViewController.m */,
				A06F45C61ED824D400C0DEFE /* MGCreateRepoViewController.h */,
				A06F45C71ED824D400C0DEFE /* MGCreateRepoViewController.m */,
				A0D28D0A1EF3CB5A00C7974A /* MGRepoCommitsViewController.h */,
				A0D28D0B1EF3CB5A00C7974A /* MGRepoCommitsViewController.m */,
			);
			path = Repo;
			sourceTree = "<group>";
		};
		A06F45CC1ED824D400C0DEFE /* Searach */ = {
			isa = PBXGroup;
			children = (
				A06F45D11ED824D400C0DEFE /* MGSearchViewController.h */,
				A06F45D21ED824D400C0DEFE /* MGSearchViewController.m */,
				A07484591EFA4345007689AE /* MGSearchRepoViewController.h */,
				A074845A1EFA4345007689AE /* MGSearchRepoViewController.m */,
				A06F45CF1ED824D400C0DEFE /* MGSearchUserViewController.h */,
				A06F45D01ED824D400C0DEFE /* MGSearchUserViewController.m */,
			);
			path = Searach;
			sourceTree = "<group>";
		};
		A06F45DC1ED824ED00C0DEFE /* Main */ = {
			isa = PBXGroup;
			children = (
				A06F45DD1ED824ED00C0DEFE /* MGMainViewController.h */,
				A06F45DE1ED824ED00C0DEFE /* MGMainViewController.m */,
			);
			path = Main;
			sourceTree = "<group>";
		};
		A085F5281EE649E800F12DD6 /* Views */ = {
			isa = PBXGroup;
			children = (
				A07484521EFA09B3007689AE /* MGRepoDetailToolBar.h */,
				A07484531EFA09B3007689AE /* MGRepoDetailToolBar.m */,
				A07484571EFA09CA007689AE /* MGRepoDetailToolBar.xib */,
			);
			path = Views;
			sourceTree = "<group>";
		};
		A085F52E1EE64D2C00F12DD6 /* WebView */ = {
			isa = PBXGroup;
			children = (
			);
			path = WebView;
			sourceTree = "<group>";
		};
		A0A815111ED4090A004678CD /* TableViewBinder */ = {
			isa = PBXGroup;
			children = (
				A0A815121ED4092A004678CD /* MGTableViewBinder.h */,
				A0A815131ED4092A004678CD /* MGTableViewBinder.m */,
			);
			path = TableViewBinder;
			sourceTree = "<group>";
		};
		A0C0A5AE1EA0765000F44F94 /* ViewModel */ = {
			isa = PBXGroup;
			children = (
				A0C0A5EF1EA0770600F44F94 /* MGViewModelProtocol.h */,
				A01833D11ED6BC16003E5D1C /* MGTableViewModelProtocol.h */,
				A0C0A60F1EA0AF7800F44F94 /* MGViewModel.h */,
				A0C0A6101EA0AF7800F44F94 /* MGViewModel.m */,
				A01833B11ED6BBF9003E5D1C /* ControllerViewModel */,
				A01833AD1ED6BB98003E5D1C /* CellViewModel */,
			);
			path = ViewModel;
			sourceTree = "<group>";
		};
		A0C0A6201EA0C24C00F44F94 /* TableViewCell */ = {
			isa = PBXGroup;
			children = (
				A0FFF9EE1F15C0FC00D6C554 /* MGTableViewCellProtocol.h */,
				A0C0A6241EA0C24C00F44F94 /* MGExploreCollectionViewCell.h */,
				A0C0A6251EA0C24C00F44F94 /* MGExploreCollectionViewCell.m */,
				A0C0A6261EA0C24C00F44F94 /* MGExploreCollectionViewCell.xib */,
				A01833A81ED6BAF0003E5D1C /* MGExploreTableViewCell.h */,
				A01833A91ED6BAF0003E5D1C /* MGExploreTableViewCell.m */,
				A01833AA1ED6BAF0003E5D1C /* MGExploreTableViewCell.xib */,
				A0C0A62A1EA0C24C00F44F94 /* MGOCTTreeEntryCell.h */,
				A0C0A62B1EA0C24C00F44F94 /* MGOCTTreeEntryCell.m */,
				A0C0A62C1EA0C24C00F44F94 /* MGOCTTreeEntryCell.xib */,
				A08FACC71F037BED0070B311 /* MGRepoCell.h */,
				A08FACC81F037BED0070B311 /* MGRepoCell.m */,
				A08FACC91F037BED0070B311 /* MGRepoCell.xib */,
				A0D28D0D1EF3CE2400C7974A /* MGRepoCommitsCell.h */,
				A0D28D0E1EF3CE2400C7974A /* MGRepoCommitsCell.m */,
				A0D28D0F1EF3CE2400C7974A /* MGRepoCommitsCell.xib */,
				A074844D1EFA0994007689AE /* MGRepoFileTreeView.h */,
				A074844E1EFA0994007689AE /* MGRepoFileTreeView.m */,
				A074844F1EFA0994007689AE /* MGRepoFileTreeView.xib */,
				A0EC6ED11F0F774C00A4067B /* MGTableViewCell.h */,
				A0EC6ED21F0F774C00A4067B /* MGTableViewCell.m */,
				A0EC6ED31F0F774C00A4067B /* MGTableViewCell.xib */,
				A074845C1EFA4C44007689AE /* MGUserCell.h */,
				A074845D1EFA4C44007689AE /* MGUserCell.m */,
				A074845E1EFA4C44007689AE /* MGUserCell.xib */,
			);
			path = TableViewCell;
			sourceTree = "<group>";
		};
		A0C0A63C1EA0C2A300F44F94 /* TableHeaderFooterView */ = {
			isa = PBXGroup;
			children = (
				A0C0A63D1EA0C2A300F44F94 /* MGRepoDetailHeaderView.h */,
				A0C0A63E1EA0C2A300F44F94 /* MGRepoDetailHeaderView.m */,
				A0303EDF1EDE629F0055A7EE /* MGRepoDetailHeaderView.xib */,
				A0EC6EC21F0E340000A4067B /* MGProfileHeaderView.h */,
				A0EC6EC31F0E340000A4067B /* MGProfileHeaderView.m */,
				A0EC6EC51F0E340700A4067B /* MGProfileHeaderView.xib */,
			);
			path = TableHeaderFooterView;
			sourceTree = "<group>";
		};
		A0C0A6431EA0C2DD00F44F94 /* Controller */ = {
			isa = PBXGroup;
			children = (
				A0C0A65D1EA0C2DD00F44F94 /* MGViewController.h */,
				A0C0A65E1EA0C2DD00F44F94 /* MGViewController.m */,
				A0C0A64C1EA0C2DD00F44F94 /* MGNavigationController.h */,
				A0C0A64D1EA0C2DD00F44F94 /* MGNavigationController.m */,
				A06F45DC1ED824ED00C0DEFE /* Main */,
				A06F45BC1ED824D400C0DEFE /* Explore */,
				A06F45BF1ED824D400C0DEFE /* Login */,
				A06F45C21ED824D400C0DEFE /* Profile */,
				A06F45C51ED824D400C0DEFE /* Repo */,
				A06F45CC1ED824D400C0DEFE /* Searach */,
				A02F95601F21CEF70030C947 /* SourceCode */,
			);
			path = Controller;
			sourceTree = "<group>";
		};
		A0E695C81F04C82A00D878BD /* Libs */ = {
			isa = PBXGroup;
			children = (
				A0491F871F273A5F006930EF /* codeMirror */,
				A0491B1E1F259A04006930EF /* WRNavigationBar */,
			);
			path = Libs;
			sourceTree = "<group>";
		};
		A0EC6EAC1F0E18AF00A4067B /* Supporting Files */ = {
			isa = PBXGroup;
			children = (
				A0EC6EB01F0E18AF00A4067B /* lanchScreen.storyboard */,
				A0EC6EB11F0E18AF00A4067B /* main.m */,
				A0EC6EB21F0E18AF00A4067B /* MGPrefixHeader.pch */,
				A0EC6EAD1F0E18AF00A4067B /* AppDelegate */,
				A0EC6EB31F0E18AF00A4067B /* Plist */,
				A0EC6EB71F0E18AF00A4067B /* TTF */,
			);
			path = "Supporting Files";
			sourceTree = "<group>";
		};
		A0EC6EAD1F0E18AF00A4067B /* AppDelegate */ = {
			isa = PBXGroup;
			children = (
				A0EC6EAE1F0E18AF00A4067B /* MGAppDelegate.h */,
				A0EC6EAF1F0E18AF00A4067B /* MGAppDelegate.m */,
			);
			path = AppDelegate;
			sourceTree = "<group>";
		};
		A0EC6EB31F0E18AF00A4067B /* Plist */ = {
			isa = PBXGroup;
			children = (
				A0EC6EB41F0E18AF00A4067B /* github_language_name_slug.plist */,
				A0EC6EB51F0E18AF00A4067B /* Info.plist */,
				A0EC6EB61F0E18AF00A4067B /* viewModel-ViewControllerMapper.plist */,
			);
			path = Plist;
			sourceTree = "<group>";
		};
		A0EC6EB71F0E18AF00A4067B /* TTF */ = {
			isa = PBXGroup;
			children = (
				A0FFF9EC1F15BA3300D6C554 /* octicons.ttf */,
			);
			path = TTF;
			sourceTree = "<group>";
		};
/* End PBXGroup section */

/* Begin PBXNativeTarget section */
		A02F76BD1E0B6BAC0088470E /* MVVMGitHub */ = {
			isa = PBXNativeTarget;
			buildConfigurationList = A02F76EB1E0B6BAC0088470E /* Build configuration list for PBXNativeTarget "MVVMGitHub" */;
			buildPhases = (
				041743C3780971CE0FF4B204 /* [CP] Check Pods Manifest.lock */,
				A02F76BA1E0B6BAC0088470E /* Sources */,
				A02F76BB1E0B6BAC0088470E /* Frameworks */,
				A02F76BC1E0B6BAC0088470E /* Resources */,
				454E13CD094CBE2708A805C8 /* [CP] Embed Pods Frameworks */,
				09258D3DE45E5D6267509CEC /* [CP] Copy Pods Resources */,
			);
			buildRules = (
			);
			dependencies = (
			);
			name = MVVMGitHub;
			productName = MVVMGitHub;
			productReference = A02F76BE1E0B6BAC0088470E /* MVVMGitHub.app */;
			productType = "com.apple.product-type.application";
		};
		A02F76D61E0B6BAC0088470E /* MVVMGitHubTests */ = {
			isa = PBXNativeTarget;
			buildConfigurationList = A02F76EE1E0B6BAC0088470E /* Build configuration list for PBXNativeTarget "MVVMGitHubTests" */;
			buildPhases = (
				A02F76D31E0B6BAC0088470E /* Sources */,
				A02F76D41E0B6BAC0088470E /* Frameworks */,
				A02F76D51E0B6BAC0088470E /* Resources */,
			);
			buildRules = (
			);
			dependencies = (
				A02F76D91E0B6BAC0088470E /* PBXTargetDependency */,
			);
			name = MVVMGitHubTests;
			productName = MVVMGitHubTests;
			productReference = A02F76D71E0B6BAC0088470E /* MVVMGitHubTests.xctest */;
			productType = "com.apple.product-type.bundle.unit-test";
		};
		A02F76E11E0B6BAC0088470E /* MVVMGitHubUITests */ = {
			isa = PBXNativeTarget;
			buildConfigurationList = A02F76F11E0B6BAC0088470E /* Build configuration list for PBXNativeTarget "MVVMGitHubUITests" */;
			buildPhases = (
				A02F76DE1E0B6BAC0088470E /* Sources */,
				A02F76DF1E0B6BAC0088470E /* Frameworks */,
				A02F76E01E0B6BAC0088470E /* Resources */,
			);
			buildRules = (
			);
			dependencies = (
				A02F76E41E0B6BAC0088470E /* PBXTargetDependency */,
			);
			name = MVVMGitHubUITests;
			productName = MVVMGitHubUITests;
			productReference = A02F76E21E0B6BAC0088470E /* MVVMGitHubUITests.xctest */;
			productType = "com.apple.product-type.bundle.ui-testing";
		};
/* End PBXNativeTarget section */

/* Begin PBXProject section */
		A02F76B61E0B6BAC0088470E /* Project object */ = {
			isa = PBXProject;
			attributes = {
				CLASSPREFIX = MG;
				LastUpgradeCheck = 0830;
				ORGANIZATIONNAME = xingjie;
				TargetAttributes = {
					A02F76BD1E0B6BAC0088470E = {
						CreatedOnToolsVersion = 8.1;
						DevelopmentTeam = Z6FW88DK2F;
						ProvisioningStyle = Automatic;
					};
					A02F76D61E0B6BAC0088470E = {
						CreatedOnToolsVersion = 8.1;
						DevelopmentTeam = Z6FW88DK2F;
						ProvisioningStyle = Automatic;
						TestTargetID = A02F76BD1E0B6BAC0088470E;
					};
					A02F76E11E0B6BAC0088470E = {
						CreatedOnToolsVersion = 8.1;
						DevelopmentTeam = Z6FW88DK2F;
						ProvisioningStyle = Automatic;
						TestTargetID = A02F76BD1E0B6BAC0088470E;
					};
				};
			};
			buildConfigurationList = A02F76B91E0B6BAC0088470E /* Build configuration list for PBXProject "MVVMGitHub" */;
			compatibilityVersion = "Xcode 3.2";
			developmentRegion = English;
			hasScannedForEncodings = 0;
			knownRegions = (
				en,
				Base,
			);
			mainGroup = A02F76B51E0B6BAC0088470E;
			productRefGroup = A02F76BF1E0B6BAC0088470E /* Products */;
			projectDirPath = "";
			projectRoot = "";
			targets = (
				A02F76BD1E0B6BAC0088470E /* MVVMGitHub */,
				A02F76D61E0B6BAC0088470E /* MVVMGitHubTests */,
				A02F76E11E0B6BAC0088470E /* MVVMGitHubUITests */,
			);
		};
/* End PBXProject section */

/* Begin PBXResourcesBuildPhase section */
		A02F76BC1E0B6BAC0088470E /* Resources */ = {
			isa = PBXResourcesBuildPhase;
			buildActionMask = 2147483647;
			files = (
				A0C0A6361EA0C24C00F44F94 /* MGOCTTreeEntryCell.xib in Resources */,
				A0EC6ED51F0F774C00A4067B /* MGTableViewCell.xib in Resources */,
				A0491F881F273A5F006930EF /* codeMirror in Resources */,
				A0FFF9ED1F15BA3300D6C554 /* octicons.ttf in Resources */,
				A07484581EFA09CA007689AE /* MGRepoDetailToolBar.xib in Resources */,
				A01833AC1ED6BAF0003E5D1C /* MGExploreTableViewCell.xib in Resources */,
				A08FACCB1F037BED0070B311 /* MGRepoCell.xib in Resources */,
				A0303EE01EDE629F0055A7EE /* MGRepoDetailHeaderView.xib in Resources */,
				A0EC6EBC1F0E18AF00A4067B /* github_language_name_slug.plist in Resources */,
				A0EC6EBE1F0E18AF00A4067B /* viewModel-ViewControllerMapper.plist in Resources */,
				A0D28D111EF3CE2400C7974A /* MGRepoCommitsCell.xib in Resources */,
				A07484511EFA0994007689AE /* MGRepoFileTreeView.xib in Resources */,
				A02F76CE1E0B6BAC0088470E /* Assets.xcassets in Resources */,
				A0EC6EC61F0E340700A4067B /* MGProfileHeaderView.xib in Resources */,
				A0C0A6321EA0C24C00F44F94 /* MGExploreCollectionViewCell.xib in Resources */,
				A0EC6EBA1F0E18AF00A4067B /* lanchScreen.storyboard in Resources */,
				A07484601EFA4C44007689AE /* MGUserCell.xib in Resources */,
			);
			runOnlyForDeploymentPostprocessing = 0;
		};
		A02F76D51E0B6BAC0088470E /* Resources */ = {
			isa = PBXResourcesBuildPhase;
			buildActionMask = 2147483647;
			files = (
			);
			runOnlyForDeploymentPostprocessing = 0;
		};
		A02F76E01E0B6BAC0088470E /* Resources */ = {
			isa = PBXResourcesBuildPhase;
			buildActionMask = 2147483647;
			files = (
			);
			runOnlyForDeploymentPostprocessing = 0;
		};
/* End PBXResourcesBuildPhase section */

/* Begin PBXShellScriptBuildPhase section */
		041743C3780971CE0FF4B204 /* [CP] Check Pods Manifest.lock */ = {
			isa = PBXShellScriptBuildPhase;
			buildActionMask = 2147483647;
			files = (
			);
			inputPaths = (
				"${PODS_PODFILE_DIR_PATH}/Podfile.lock",
				"${PODS_ROOT}/Manifest.lock",
			);
			name = "[CP] Check Pods Manifest.lock";
			outputPaths = (
				"$(DERIVED_FILE_DIR)/Pods-MVVMGitHub-checkManifestLockResult.txt",
			);
			runOnlyForDeploymentPostprocessing = 0;
			shellPath = /bin/sh;
			shellScript = "diff \"${PODS_PODFILE_DIR_PATH}/Podfile.lock\" \"${PODS_ROOT}/Manifest.lock\" > /dev/null\nif [ $? != 0 ] ; then\n    # print error to STDERR\n    echo \"error: The sandbox is not in sync with the Podfile.lock. Run 'pod install' or update your CocoaPods installation.\" >&2\n    exit 1\nfi\n# This output is used by Xcode 'outputs' to avoid re-running this script phase.\necho \"SUCCESS\" > \"${SCRIPT_OUTPUT_FILE_0}\"\n";
			showEnvVarsInLog = 0;
		};
		09258D3DE45E5D6267509CEC /* [CP] Copy Pods Resources */ = {
			isa = PBXShellScriptBuildPhase;
			buildActionMask = 2147483647;
			files = (
			);
			inputPaths = (
				"${SRCROOT}/Pods/Target Support Files/Pods-MVVMGitHub/Pods-MVVMGitHub-resources.sh",
				"${PODS_ROOT}/IQKeyboardManager/IQKeyboardManager/Resources/IQKeyboardManager.bundle",
				"${PODS_ROOT}/MJRefresh/MJRefresh/MJRefresh.bundle",
				"${PODS_ROOT}/OcticonsIOS/OcticonsIOS/octicons.ttf",
				"${PODS_ROOT}/SAMKeychain/Support/SAMKeychain.bundle",
				"${PODS_ROOT}/SVProgressHUD/SVProgressHUD/SVProgressHUD.bundle",
			);
			name = "[CP] Copy Pods Resources";
			outputPaths = (
				"${TARGET_BUILD_DIR}/${UNLOCALIZED_RESOURCES_FOLDER_PATH}",
			);
			runOnlyForDeploymentPostprocessing = 0;
			shellPath = /bin/sh;
			shellScript = "\"${SRCROOT}/Pods/Target Support Files/Pods-MVVMGitHub/Pods-MVVMGitHub-resources.sh\"\n";
			showEnvVarsInLog = 0;
		};
		454E13CD094CBE2708A805C8 /* [CP] Embed Pods Frameworks */ = {
			isa = PBXShellScriptBuildPhase;
			buildActionMask = 2147483647;
			files = (
			);
			inputPaths = (
				"${SRCROOT}/Pods/Target Support Files/Pods-MVVMGitHub/Pods-MVVMGitHub-frameworks.sh",
				"${BUILT_PRODUCTS_DIR}/AFNetworking/AFNetworking.framework",
				"${BUILT_PRODUCTS_DIR}/Aspects/Aspects.framework",
				"${BUILT_PRODUCTS_DIR}/CocoaSecurity/CocoaSecurity.framework",
				"${BUILT_PRODUCTS_DIR}/DTCoreText/DTCoreText.framework",
				"${BUILT_PRODUCTS_DIR}/DTFoundation/DTFoundation.framework",
				"${BUILT_PRODUCTS_DIR}/DZNEmptyDataSet/DZNEmptyDataSet.framework",
				"${BUILT_PRODUCTS_DIR}/FBRetainCycleDetector/FBRetainCycleDetector.framework",
				"${BUILT_PRODUCTS_DIR}/FMDB/FMDB.framework",
				"${BUILT_PRODUCTS_DIR}/GPUImage/GPUImage.framework",
				"${BUILT_PRODUCTS_DIR}/HMSegmentedControl/HMSegmentedControl.framework",
				"${BUILT_PRODUCTS_DIR}/IQKeyboardManager/IQKeyboardManager.framework",
				"${BUILT_PRODUCTS_DIR}/ISO8601DateFormatter/ISO8601DateFormatter.framework",
				"${BUILT_PRODUCTS_DIR}/JSONKit-NoWarning/JSONKit_NoWarning.framework",
				"${BUILT_PRODUCTS_DIR}/MJExtension/MJExtension.framework",
				"${BUILT_PRODUCTS_DIR}/MJRefresh/MJRefresh.framework",
				"${BUILT_PRODUCTS_DIR}/MLeaksFinder/MLeaksFinder.framework",
				"${BUILT_PRODUCTS_DIR}/MMMarkdown/MMMarkdown.framework",
				"${BUILT_PRODUCTS_DIR}/Mantle/Mantle.framework",
				"${BUILT_PRODUCTS_DIR}/Masonry/Masonry.framework",
				"${BUILT_PRODUCTS_DIR}/OcticonsIOS/OcticonsIOS.framework",
				"${BUILT_PRODUCTS_DIR}/OctoKit/OctoKit.framework",
				"${BUILT_PRODUCTS_DIR}/Reachability/Reachability.framework",
				"${BUILT_PRODUCTS_DIR}/ReactiveCocoa/ReactiveCocoa.framework",
				"${BUILT_PRODUCTS_DIR}/SAMKeychain/SAMKeychain.framework",
				"${BUILT_PRODUCTS_DIR}/SDCycleScrollView/SDCycleScrollView.framework",
				"${BUILT_PRODUCTS_DIR}/SDVersion/SDVersion.framework",
				"${BUILT_PRODUCTS_DIR}/SDWebImage/SDWebImage.framework",
				"${BUILT_PRODUCTS_DIR}/SVProgressHUD/SVProgressHUD.framework",
				"${BUILT_PRODUCTS_DIR}/SwipeBack/SwipeBack.framework",
				"${BUILT_PRODUCTS_DIR}/UIView+Borders/UIView_Borders.framework",
				"${BUILT_PRODUCTS_DIR}/WMPageController/WMPageController.framework",
				"${BUILT_PRODUCTS_DIR}/WebViewJavascriptBridge/WebViewJavascriptBridge.framework",
				"${BUILT_PRODUCTS_DIR}/YYKit/YYKit.framework",
				"${BUILT_PRODUCTS_DIR}/pop/pop.framework",
			);
			name = "[CP] Embed Pods Frameworks";
			outputPaths = (
				"${TARGET_BUILD_DIR}/${FRAMEWORKS_FOLDER_PATH}/AFNetworking.framework",
				"${TARGET_BUILD_DIR}/${FRAMEWORKS_FOLDER_PATH}/Aspects.framework",
				"${TARGET_BUILD_DIR}/${FRAMEWORKS_FOLDER_PATH}/CocoaSecurity.framework",
				"${TARGET_BUILD_DIR}/${FRAMEWORKS_FOLDER_PATH}/DTCoreText.framework",
				"${TARGET_BUILD_DIR}/${FRAMEWORKS_FOLDER_PATH}/DTFoundation.framework",
				"${TARGET_BUILD_DIR}/${FRAMEWORKS_FOLDER_PATH}/DZNEmptyDataSet.framework",
				"${TARGET_BUILD_DIR}/${FRAMEWORKS_FOLDER_PATH}/FBRetainCycleDetector.framework",
				"${TARGET_BUILD_DIR}/${FRAMEWORKS_FOLDER_PATH}/FMDB.framework",
				"${TARGET_BUILD_DIR}/${FRAMEWORKS_FOLDER_PATH}/GPUImage.framework",
				"${TARGET_BUILD_DIR}/${FRAMEWORKS_FOLDER_PATH}/HMSegmentedControl.framework",
				"${TARGET_BUILD_DIR}/${FRAMEWORKS_FOLDER_PATH}/IQKeyboardManager.framework",
				"${TARGET_BUILD_DIR}/${FRAMEWORKS_FOLDER_PATH}/ISO8601DateFormatter.framework",
				"${TARGET_BUILD_DIR}/${FRAMEWORKS_FOLDER_PATH}/JSONKit_NoWarning.framework",
				"${TARGET_BUILD_DIR}/${FRAMEWORKS_FOLDER_PATH}/MJExtension.framework",
				"${TARGET_BUILD_DIR}/${FRAMEWORKS_FOLDER_PATH}/MJRefresh.framework",
				"${TARGET_BUILD_DIR}/${FRAMEWORKS_FOLDER_PATH}/MLeaksFinder.framework",
				"${TARGET_BUILD_DIR}/${FRAMEWORKS_FOLDER_PATH}/MMMarkdown.framework",
				"${TARGET_BUILD_DIR}/${FRAMEWORKS_FOLDER_PATH}/Mantle.framework",
				"${TARGET_BUILD_DIR}/${FRAMEWORKS_FOLDER_PATH}/Masonry.framework",
				"${TARGET_BUILD_DIR}/${FRAMEWORKS_FOLDER_PATH}/OcticonsIOS.framework",
				"${TARGET_BUILD_DIR}/${FRAMEWORKS_FOLDER_PATH}/OctoKit.framework",
				"${TARGET_BUILD_DIR}/${FRAMEWORKS_FOLDER_PATH}/Reachability.framework",
				"${TARGET_BUILD_DIR}/${FRAMEWORKS_FOLDER_PATH}/ReactiveCocoa.framework",
				"${TARGET_BUILD_DIR}/${FRAMEWORKS_FOLDER_PATH}/SAMKeychain.framework",
				"${TARGET_BUILD_DIR}/${FRAMEWORKS_FOLDER_PATH}/SDCycleScrollView.framework",
				"${TARGET_BUILD_DIR}/${FRAMEWORKS_FOLDER_PATH}/SDVersion.framework",
				"${TARGET_BUILD_DIR}/${FRAMEWORKS_FOLDER_PATH}/SDWebImage.framework",
				"${TARGET_BUILD_DIR}/${FRAMEWORKS_FOLDER_PATH}/SVProgressHUD.framework",
				"${TARGET_BUILD_DIR}/${FRAMEWORKS_FOLDER_PATH}/SwipeBack.framework",
				"${TARGET_BUILD_DIR}/${FRAMEWORKS_FOLDER_PATH}/UIView_Borders.framework",
				"${TARGET_BUILD_DIR}/${FRAMEWORKS_FOLDER_PATH}/WMPageController.framework",
				"${TARGET_BUILD_DIR}/${FRAMEWORKS_FOLDER_PATH}/WebViewJavascriptBridge.framework",
				"${TARGET_BUILD_DIR}/${FRAMEWORKS_FOLDER_PATH}/YYKit.framework",
				"${TARGET_BUILD_DIR}/${FRAMEWORKS_FOLDER_PATH}/pop.framework",
			);
			runOnlyForDeploymentPostprocessing = 0;
			shellPath = /bin/sh;
			shellScript = "\"${SRCROOT}/Pods/Target Support Files/Pods-MVVMGitHub/Pods-MVVMGitHub-frameworks.sh\"\n";
			showEnvVarsInLog = 0;
		};
/* End PBXShellScriptBuildPhase section */

/* Begin PBXSourcesBuildPhase section */
		A02F76BA1E0B6BAC0088470E /* Sources */ = {
			isa = PBXSourcesBuildPhase;
			buildActionMask = 2147483647;
			files = (
				A07484631EFA5231007689AE /* MGSearchResultModel.m in Sources */,
				A0EC6EC41F0E340000A4067B /* MGProfileHeaderView.m in Sources */,
				A0A815141ED4092A004678CD /* MGTableViewBinder.m in Sources */,
				A0C0A6111EA0AF7800F44F94 /* MGViewModel.m in Sources */,
				A01833CC1ED6BBF9003E5D1C /* MGProfileViewModel.m in Sources */,
				A0A3D4C31EE7CDD4009E629F /* UIBarButtonItem+MGAdd.m in Sources */,
				A08FACCA1F037BED0070B311 /* MGRepoCell.m in Sources */,
				A0C0A6311EA0C24C00F44F94 /* MGExploreCollectionViewCell.m in Sources */,
				A00295401E2F63CE004AC90E /* MGShowcasesModel.m in Sources */,
				A0A2F76B1E422B8800F19F22 /* SAMKeychain+MGUser.m in Sources */,
				A0A3D4CA1EE92B6A009E629F /* UITableView+MGAdd.m in Sources */,
				A06F45D31ED824D400C0DEFE /* MGExploreViewController.m in Sources */,
				A002953D1E2F601B004AC90E /* MGRepositoriesModel.m in Sources */,
				A0FFF9D31F1359C500D6C554 /* MGApiImpl+MGActivity.m in Sources */,
				A074845F1EFA4C44007689AE /* MGUserCell.m in Sources */,
				A01833CE1ED6BBF9003E5D1C /* MGRepositoryViewModel.m in Sources */,
				A01833CD1ED6BBF9003E5D1C /* MGRepoDetailViewModel.m in Sources */,
				A074845B1EFA4345007689AE /* MGSearchRepoViewController.m in Sources */,
				A06F45D71ED824D400C0DEFE /* MGRepoDetailViewController.m in Sources */,
				A06DD5A21ED3D14300082DA4 /* MGApiImpl+MGExplore.m in Sources */,
				A01833B01ED6BBAF003E5D1C /* MGExploreCellViewModel.m in Sources */,
				A02F95631F21CF120030C947 /* MGSourceCodeViewController.m in Sources */,
				A01833CF1ED6BBF9003E5D1C /* MGSearchViewModel.m in Sources */,
				A06DD5A91ED3D26800082DA4 /* MGApiImpl.m in Sources */,
				A085F51D1EE5551700F12DD6 /* MGTrendRopsListViewModel.m in Sources */,
				A07484541EFA09B3007689AE /* MGRepoDetailToolBar.m in Sources */,
				A0FFF9DF1F14B48D00D6C554 /* RACSignal+MGAdd.m in Sources */,
				A0EC6EB91F0E18AF00A4067B /* MGAppDelegate.m in Sources */,
				A01833AB1ED6BAF0003E5D1C /* MGExploreTableViewCell.m in Sources */,
				A06F45D41ED824D400C0DEFE /* MGLoginViewController.m in Sources */,
				A06F45D61ED824D400C0DEFE /* MGCreateRepoViewController.m in Sources */,
				A06DD5A41ED3D14300082DA4 /* MGApiImpl+MGSearch.m in Sources */,
				A0FFF9E51F14C04800D6C554 /* MGFollowingViewController.m in Sources */,
				A01D510F1E5BE41B002E9925 /* MGViewModelBasedNavigation.m in Sources */,
				A07781181F417CFA0001E37B /* UIButton+MGAdd.m in Sources */,
				A0C0A6641EA0C2DD00F44F94 /* MGNavigationController.m in Sources */,
				A02F770E1E0B7F0E0088470E /* MGConst.m in Sources */,
				A01833A71ED6B810003E5D1C /* UILabel+MGAdd.m in Sources */,
				A0C0A6411EA0C2A300F44F94 /* MGRepoDetailHeaderView.m in Sources */,
				A0C603831F3D95D7000BFF59 /* UIViewController+MGNav.m in Sources */,
				A06F45D81ED824D400C0DEFE /* MGRepositoryViewController.m in Sources */,
				A06DD5A51ED3D14300082DA4 /* MGApiImpl+MGUser.m in Sources */,
				A0FFF9D01F13479800D6C554 /* MGEvent.m in Sources */,
				A0FFF9DC1F1498F200D6C554 /* MGOrganizations.m in Sources */,
				A0FFF9EB1F14C0FB00D6C554 /* MGFollowerViewModel.m in Sources */,
				A0491B211F259A04006930EF /* WRNavigationBar.m in Sources */,
				A0D28D101EF3CE2400C7974A /* MGRepoCommitsCell.m in Sources */,
				A0D28D091EF3C93E00C7974A /* MGRepoCommitsViewModel.m in Sources */,
				A0EC6EBB1F0E18AF00A4067B /* main.m in Sources */,
				A0FFF9D91F1364CE00D6C554 /* MGEventsViewModel.m in Sources */,
				A0E7ED621F29B4A100FA78C6 /* OCTClient+MGAdd.m in Sources */,
				A0EC6EC91F0F131200A4067B /* MGUser.m in Sources */,
				A01833CA1ED6BBF9003E5D1C /* MGLoginViewModel.m in Sources */,
				A06F45DA1ED824D400C0DEFE /* MGSearchUserViewController.m in Sources */,
				A0FFF9E81F14C0A400D6C554 /* MGFollowingViewModel.m in Sources */,
				A0EC6ED41F0F774C00A4067B /* MGTableViewCell.m in Sources */,
				A0C0A6351EA0C24C00F44F94 /* MGOCTTreeEntryCell.m in Sources */,
				A01833CB1ED6BBF9003E5D1C /* MGMainViewModel.m in Sources */,
				A06DD5A31ED3D14300082DA4 /* MGApiImpl+MGRepo.m in Sources */,
				A080AE0F1E34B54400402510 /* MGViewModelMapper.m in Sources */,
				A07484501EFA0994007689AE /* MGRepoFileTreeView.m in Sources */,
				A06F45DB1ED824D400C0DEFE /* MGSearchViewController.m in Sources */,
				A0FFF9D61F135F7E00D6C554 /* MGActivityViewModel.m in Sources */,
				A01833C91ED6BBF9003E5D1C /* MGExploreViewModel.m in Sources */,
				A06F45DF1ED824ED00C0DEFE /* MGMainViewController.m in Sources */,
				A0D28D011EF280B800C7974A /* NSString+MGAdd.m in Sources */,
				A01833C71ED6BBF9003E5D1C /* MGCreateRepoViewModel.m in Sources */,
				A06F45D51ED824D400C0DEFE /* MGProfileViewController.m in Sources */,
				A0C0A66C1EA0C2DD00F44F94 /* MGViewController.m in Sources */,
				A02F95661F21CF6E0030C947 /* MGSourceCodeViewModel.m in Sources */,
				A0D3DA481E56D27E00337EF7 /* WKWebView+MGWeb.m in Sources */,
				A0FFF9E21F14C03E00D6C554 /* MGFollowerViewController.m in Sources */,
				A0D28D0C1EF3CB5A00C7974A /* MGRepoCommitsViewController.m in Sources */,
			);
			runOnlyForDeploymentPostprocessing = 0;
		};
		A02F76D31E0B6BAC0088470E /* Sources */ = {
			isa = PBXSourcesBuildPhase;
			buildActionMask = 2147483647;
			files = (
				A02F76DC1E0B6BAC0088470E /* MVVMGitHubTests.m in Sources */,
			);
			runOnlyForDeploymentPostprocessing = 0;
		};
		A02F76DE1E0B6BAC0088470E /* Sources */ = {
			isa = PBXSourcesBuildPhase;
			buildActionMask = 2147483647;
			files = (
				A02F76E71E0B6BAC0088470E /* MVVMGitHubUITests.m in Sources */,
			);
			runOnlyForDeploymentPostprocessing = 0;
		};
/* End PBXSourcesBuildPhase section */

/* Begin PBXTargetDependency section */
		A02F76D91E0B6BAC0088470E /* PBXTargetDependency */ = {
			isa = PBXTargetDependency;
			target = A02F76BD1E0B6BAC0088470E /* MVVMGitHub */;
			targetProxy = A02F76D81E0B6BAC0088470E /* PBXContainerItemProxy */;
		};
		A02F76E41E0B6BAC0088470E /* PBXTargetDependency */ = {
			isa = PBXTargetDependency;
			target = A02F76BD1E0B6BAC0088470E /* MVVMGitHub */;
			targetProxy = A02F76E31E0B6BAC0088470E /* PBXContainerItemProxy */;
		};
/* End PBXTargetDependency section */

/* Begin XCBuildConfiguration section */
		A02F76E91E0B6BAC0088470E /* Debug */ = {
			isa = XCBuildConfiguration;
			buildSettings = {
				ALWAYS_SEARCH_USER_PATHS = NO;
				CLANG_ANALYZER_NONNULL = YES;
				CLANG_CXX_LANGUAGE_STANDARD = "gnu++0x";
				CLANG_CXX_LIBRARY = "libc++";
				CLANG_ENABLE_MODULES = YES;
				CLANG_ENABLE_OBJC_ARC = YES;
				CLANG_WARN_BOOL_CONVERSION = YES;
				CLANG_WARN_CONSTANT_CONVERSION = YES;
				CLANG_WARN_DIRECT_OBJC_ISA_USAGE = YES_ERROR;
				CLANG_WARN_DOCUMENTATION_COMMENTS = YES;
				CLANG_WARN_EMPTY_BODY = YES;
				CLANG_WARN_ENUM_CONVERSION = YES;
				CLANG_WARN_INFINITE_RECURSION = YES;
				CLANG_WARN_INT_CONVERSION = YES;
				CLANG_WARN_OBJC_ROOT_CLASS = YES_ERROR;
				CLANG_WARN_SUSPICIOUS_MOVE = YES;
				CLANG_WARN_SUSPICIOUS_MOVES = YES;
				CLANG_WARN_UNREACHABLE_CODE = YES;
				CLANG_WARN__DUPLICATE_METHOD_MATCH = YES;
				CODE_SIGN_IDENTITY = "iPhone Developer";
				"CODE_SIGN_IDENTITY[sdk=iphoneos*]" = "iPhone Developer";
				COPY_PHASE_STRIP = NO;
				DEBUG_INFORMATION_FORMAT = dwarf;
				ENABLE_STRICT_OBJC_MSGSEND = YES;
				ENABLE_TESTABILITY = YES;
				GCC_C_LANGUAGE_STANDARD = gnu99;
				GCC_DYNAMIC_NO_PIC = NO;
				GCC_NO_COMMON_BLOCKS = YES;
				GCC_OPTIMIZATION_LEVEL = 0;
				GCC_PREPROCESSOR_DEFINITIONS = (
					"DEBUG=1",
					"$(inherited)",
				);
				GCC_WARN_64_TO_32_BIT_CONVERSION = YES;
				GCC_WARN_ABOUT_RETURN_TYPE = YES_ERROR;
				GCC_WARN_UNDECLARED_SELECTOR = YES;
				GCC_WARN_UNINITIALIZED_AUTOS = YES_AGGRESSIVE;
				GCC_WARN_UNUSED_FUNCTION = YES;
				GCC_WARN_UNUSED_VARIABLE = YES;
				IPHONEOS_DEPLOYMENT_TARGET = 8.0;
				MTL_ENABLE_DEBUG_INFO = YES;
				ONLY_ACTIVE_ARCH = YES;
				SDKROOT = iphoneos;
			};
			name = Debug;
		};
		A02F76EA1E0B6BAC0088470E /* Release */ = {
			isa = XCBuildConfiguration;
			buildSettings = {
				ALWAYS_SEARCH_USER_PATHS = NO;
				CLANG_ANALYZER_NONNULL = YES;
				CLANG_CXX_LANGUAGE_STANDARD = "gnu++0x";
				CLANG_CXX_LIBRARY = "libc++";
				CLANG_ENABLE_MODULES = YES;
				CLANG_ENABLE_OBJC_ARC = YES;
				CLANG_WARN_BOOL_CONVERSION = YES;
				CLANG_WARN_CONSTANT_CONVERSION = YES;
				CLANG_WARN_DIRECT_OBJC_ISA_USAGE = YES_ERROR;
				CLANG_WARN_DOCUMENTATION_COMMENTS = YES;
				CLANG_WARN_EMPTY_BODY = YES;
				CLANG_WARN_ENUM_CONVERSION = YES;
				CLANG_WARN_INFINITE_RECURSION = YES;
				CLANG_WARN_INT_CONVERSION = YES;
				CLANG_WARN_OBJC_ROOT_CLASS = YES_ERROR;
				CLANG_WARN_SUSPICIOUS_MOVE = YES;
				CLANG_WARN_SUSPICIOUS_MOVES = YES;
				CLANG_WARN_UNREACHABLE_CODE = YES;
				CLANG_WARN__DUPLICATE_METHOD_MATCH = YES;
				CODE_SIGN_IDENTITY = "iPhone Developer";
				"CODE_SIGN_IDENTITY[sdk=iphoneos*]" = "iPhone Developer";
				COPY_PHASE_STRIP = NO;
				DEBUG_INFORMATION_FORMAT = "dwarf-with-dsym";
				ENABLE_NS_ASSERTIONS = NO;
				ENABLE_STRICT_OBJC_MSGSEND = YES;
				GCC_C_LANGUAGE_STANDARD = gnu99;
				GCC_NO_COMMON_BLOCKS = YES;
				GCC_WARN_64_TO_32_BIT_CONVERSION = YES;
				GCC_WARN_ABOUT_RETURN_TYPE = YES_ERROR;
				GCC_WARN_UNDECLARED_SELECTOR = YES;
				GCC_WARN_UNINITIALIZED_AUTOS = YES_AGGRESSIVE;
				GCC_WARN_UNUSED_FUNCTION = YES;
				GCC_WARN_UNUSED_VARIABLE = YES;
				IPHONEOS_DEPLOYMENT_TARGET = 8.0;
				MTL_ENABLE_DEBUG_INFO = NO;
				SDKROOT = iphoneos;
				VALIDATE_PRODUCT = YES;
			};
			name = Release;
		};
		A02F76EC1E0B6BAC0088470E /* Debug */ = {
			isa = XCBuildConfiguration;
			baseConfigurationReference = E6E72F4025D1C9A954773EF1 /* Pods-MVVMGitHub.debug.xcconfig */;
			buildSettings = {
				ASSETCATALOG_COMPILER_APPICON_NAME = AppIcon;
				CODE_SIGN_IDENTITY = "iPhone Developer";
				"CODE_SIGN_IDENTITY[sdk=iphoneos*]" = "iPhone Developer";
				DEVELOPMENT_TEAM = Z6FW88DK2F;
				GCC_PREFIX_HEADER = "$(SRCROOT)/MVVMGitHub/Supporting Files/MGPrefixHeader.pch";
				INFOPLIST_FILE = "$(SRCROOT)/MVVMGitHub/Supporting Files/Plist/Info.plist";
				LD_RUNPATH_SEARCH_PATHS = "$(inherited) @executable_path/Frameworks";
				PRODUCT_BUNDLE_IDENTIFIER = com.xingjie.github;
				PRODUCT_NAME = "$(TARGET_NAME)";
				TARGETED_DEVICE_FAMILY = 1;
			};
			name = Debug;
		};
		A02F76ED1E0B6BAC0088470E /* Release */ = {
			isa = XCBuildConfiguration;
			baseConfigurationReference = EB7C58D84B242D5E892B73FE /* Pods-MVVMGitHub.release.xcconfig */;
			buildSettings = {
				ASSETCATALOG_COMPILER_APPICON_NAME = AppIcon;
				CODE_SIGN_IDENTITY = "iPhone Developer";
				"CODE_SIGN_IDENTITY[sdk=iphoneos*]" = "iPhone Developer";
				DEVELOPMENT_TEAM = Z6FW88DK2F;
				GCC_PREFIX_HEADER = "$(SRCROOT)/MVVMGitHub/Supporting Files/MGPrefixHeader.pch";
				INFOPLIST_FILE = "$(SRCROOT)/MVVMGitHub/Supporting Files/Plist/Info.plist";
				LD_RUNPATH_SEARCH_PATHS = "$(inherited) @executable_path/Frameworks";
				PRODUCT_BUNDLE_IDENTIFIER = com.xingjie.github;
				PRODUCT_NAME = "$(TARGET_NAME)";
				TARGETED_DEVICE_FAMILY = 1;
			};
			name = Release;
		};
		A02F76EF1E0B6BAC0088470E /* Debug */ = {
			isa = XCBuildConfiguration;
			buildSettings = {
				BUNDLE_LOADER = "$(TEST_HOST)";
				DEVELOPMENT_TEAM = Z6FW88DK2F;
				INFOPLIST_FILE = MVVMGitHubTests/Info.plist;
				LD_RUNPATH_SEARCH_PATHS = "$(inherited) @executable_path/Frameworks @loader_path/Frameworks";
				PRODUCT_BUNDLE_IDENTIFIER = com.xingjie.MVVMGitHubTests;
				PRODUCT_NAME = "$(TARGET_NAME)";
				TEST_HOST = "$(BUILT_PRODUCTS_DIR)/MVVMGitHub.app/MVVMGitHub";
			};
			name = Debug;
		};
		A02F76F01E0B6BAC0088470E /* Release */ = {
			isa = XCBuildConfiguration;
			buildSettings = {
				BUNDLE_LOADER = "$(TEST_HOST)";
				DEVELOPMENT_TEAM = Z6FW88DK2F;
				INFOPLIST_FILE = MVVMGitHubTests/Info.plist;
				LD_RUNPATH_SEARCH_PATHS = "$(inherited) @executable_path/Frameworks @loader_path/Frameworks";
				PRODUCT_BUNDLE_IDENTIFIER = com.xingjie.MVVMGitHubTests;
				PRODUCT_NAME = "$(TARGET_NAME)";
				TEST_HOST = "$(BUILT_PRODUCTS_DIR)/MVVMGitHub.app/MVVMGitHub";
			};
			name = Release;
		};
		A02F76F21E0B6BAC0088470E /* Debug */ = {
			isa = XCBuildConfiguration;
			buildSettings = {
				DEVELOPMENT_TEAM = Z6FW88DK2F;
				INFOPLIST_FILE = MVVMGitHubUITests/Info.plist;
				LD_RUNPATH_SEARCH_PATHS = "$(inherited) @executable_path/Frameworks @loader_path/Frameworks";
				PRODUCT_BUNDLE_IDENTIFIER = com.xingjie.MVVMGitHubUITests;
				PRODUCT_NAME = "$(TARGET_NAME)";
				TEST_TARGET_NAME = MVVMGitHub;
			};
			name = Debug;
		};
		A02F76F31E0B6BAC0088470E /* Release */ = {
			isa = XCBuildConfiguration;
			buildSettings = {
				DEVELOPMENT_TEAM = Z6FW88DK2F;
				INFOPLIST_FILE = MVVMGitHubUITests/Info.plist;
				LD_RUNPATH_SEARCH_PATHS = "$(inherited) @executable_path/Frameworks @loader_path/Frameworks";
				PRODUCT_BUNDLE_IDENTIFIER = com.xingjie.MVVMGitHubUITests;
				PRODUCT_NAME = "$(TARGET_NAME)";
				TEST_TARGET_NAME = MVVMGitHub;
			};
			name = Release;
		};
/* End XCBuildConfiguration section */

/* Begin XCConfigurationList section */
		A02F76B91E0B6BAC0088470E /* Build configuration list for PBXProject "MVVMGitHub" */ = {
			isa = XCConfigurationList;
			buildConfigurations = (
				A02F76E91E0B6BAC0088470E /* Debug */,
				A02F76EA1E0B6BAC0088470E /* Release */,
			);
			defaultConfigurationIsVisible = 0;
			defaultConfigurationName = Release;
		};
		A02F76EB1E0B6BAC0088470E /* Build configuration list for PBXNativeTarget "MVVMGitHub" */ = {
			isa = XCConfigurationList;
			buildConfigurations = (
				A02F76EC1E0B6BAC0088470E /* Debug */,
				A02F76ED1E0B6BAC0088470E /* Release */,
			);
			defaultConfigurationIsVisible = 0;
			defaultConfigurationName = Release;
		};
		A02F76EE1E0B6BAC0088470E /* Build configuration list for PBXNativeTarget "MVVMGitHubTests" */ = {
			isa = XCConfigurationList;
			buildConfigurations = (
				A02F76EF1E0B6BAC0088470E /* Debug */,
				A02F76F01E0B6BAC0088470E /* Release */,
			);
			defaultConfigurationIsVisible = 0;
			defaultConfigurationName = Release;
		};
		A02F76F11E0B6BAC0088470E /* Build configuration list for PBXNativeTarget "MVVMGitHubUITests" */ = {
			isa = XCConfigurationList;
			buildConfigurations = (
				A02F76F21E0B6BAC0088470E /* Debug */,
				A02F76F31E0B6BAC0088470E /* Release */,
			);
			defaultConfigurationIsVisible = 0;
			defaultConfigurationName = Release;
		};
/* End XCConfigurationList section */
	};
	rootObject = A02F76B61E0B6BAC0088470E /* Project object */;
}
